// !$*UTF8*$!
{
	archiveVersion = 1;
	classes = {
	};
	objectVersion = 50;
	objects = {

/* Begin PBXBuildFile section */
		524F45385834A3BEDDB94326 /* Pods_WeatherForcast.framework in Frameworks */ = {isa = PBXBuildFile; fileRef = D225E539FD71BBA828237A05 /* Pods_WeatherForcast.framework */; };
		DB0DE196234AD26F00930179 /* SearchViewController.swift in Sources */ = {isa = PBXBuildFile; fileRef = DB0DE194234AD26F00930179 /* SearchViewController.swift */; };
		DB0DE19A234AD2F200930179 /* BaseViewController.swift in Sources */ = {isa = PBXBuildFile; fileRef = DB0DE199234AD2F200930179 /* BaseViewController.swift */; };
		DB0DE19C234AD35400930179 /* NsObject+Extensions.swift in Sources */ = {isa = PBXBuildFile; fileRef = DB0DE19B234AD35400930179 /* NsObject+Extensions.swift */; };
		DB0DE19F234AD3DE00930179 /* ListCityOfHomeTableViewCell.swift in Sources */ = {isa = PBXBuildFile; fileRef = DB0DE19D234AD3DE00930179 /* ListCityOfHomeTableViewCell.swift */; };
		DB0DE1A0234AD3DE00930179 /* ListCityOfHomeTableViewCell.xib in Resources */ = {isa = PBXBuildFile; fileRef = DB0DE19E234AD3DE00930179 /* ListCityOfHomeTableViewCell.xib */; };
		DB0DE1A6234AE27800930179 /* UIView+Extension.swift in Sources */ = {isa = PBXBuildFile; fileRef = DB0DE1A1234AE27800930179 /* UIView+Extension.swift */; };
		DB0DE1AA234AE27800930179 /* Double+Extension.swift in Sources */ = {isa = PBXBuildFile; fileRef = DB0DE1A5234AE27800930179 /* Double+Extension.swift */; };
		DB0DE1AC234B28FB00930179 /* AnimationController.swift in Sources */ = {isa = PBXBuildFile; fileRef = DB0DE1AB234B28FB00930179 /* AnimationController.swift */; };
		DB27F6B62344984000F2147B /* CurrentWeatherParams.swift in Sources */ = {isa = PBXBuildFile; fileRef = DB27F6B52344984000F2147B /* CurrentWeatherParams.swift */; };
		DB46576C2345E62100CB91C7 /* HomeViewController.swift in Sources */ = {isa = PBXBuildFile; fileRef = DB46576A2345E62100CB91C7 /* HomeViewController.swift */; };
		DB46576D2345E62100CB91C7 /* HomeViewController.xib in Resources */ = {isa = PBXBuildFile; fileRef = DB46576B2345E62100CB91C7 /* HomeViewController.xib */; };
		DB61664C235412EB009D48D4 /* Int+Extension.swift in Sources */ = {isa = PBXBuildFile; fileRef = DB61664B235412EB009D48D4 /* Int+Extension.swift */; };
		DB61664E23541454009D48D4 /* PassData.swift in Sources */ = {isa = PBXBuildFile; fileRef = DB61664D23541454009D48D4 /* PassData.swift */; };
		DB6166502354159B009D48D4 /* String+Extension.swift in Sources */ = {isa = PBXBuildFile; fileRef = DB61664F2354159B009D48D4 /* String+Extension.swift */; };
		DB616654235416DB009D48D4 /* DetailViewController.swift in Sources */ = {isa = PBXBuildFile; fileRef = DB616652235416DB009D48D4 /* DetailViewController.swift */; };
		DB616655235416DB009D48D4 /* DetailViewController.xib in Resources */ = {isa = PBXBuildFile; fileRef = DB616653235416DB009D48D4 /* DetailViewController.xib */; };
		DB6D5D8C23458FCA009E4DC3 /* APIkey.swift in Sources */ = {isa = PBXBuildFile; fileRef = DB6D5D8B23458FCA009E4DC3 /* APIkey.swift */; };
		DB83DE98235023F5004D8F9C /* UVIndexRouter.swift in Sources */ = {isa = PBXBuildFile; fileRef = DB83DE97235023F5004D8F9C /* UVIndexRouter.swift */; };
		DB83DE9A23502439004D8F9C /* UVIndexService.swift in Sources */ = {isa = PBXBuildFile; fileRef = DB83DE9923502439004D8F9C /* UVIndexService.swift */; };
		DB83DE9C23502452004D8F9C /* UVIndexParams.swift in Sources */ = {isa = PBXBuildFile; fileRef = DB83DE9B23502452004D8F9C /* UVIndexParams.swift */; };
		DB83DE9E23502475004D8F9C /* UVIndexResponse.swift in Sources */ = {isa = PBXBuildFile; fileRef = DB83DE9D23502475004D8F9C /* UVIndexResponse.swift */; };
		DB83DEA02350257E004D8F9C /* TableView+Extension.swift in Sources */ = {isa = PBXBuildFile; fileRef = DB83DE9F2350257E004D8F9C /* TableView+Extension.swift */; };
		DB83DEA623502EC2004D8F9C /* CollectionView+Extension.swift in Sources */ = {isa = PBXBuildFile; fileRef = DB83DEA523502EC2004D8F9C /* CollectionView+Extension.swift */; };
		DB83DEA8235030FC004D8F9C /* UIColor+Extension.swift in Sources */ = {isa = PBXBuildFile; fileRef = DB83DEA7235030FC004D8F9C /* UIColor+Extension.swift */; };
		DB8D2B7223449DFE009F32A2 /* CurrentWeatherResponse.swift in Sources */ = {isa = PBXBuildFile; fileRef = DB8D2B7123449DFE009F32A2 /* CurrentWeatherResponse.swift */; };
		DB8D2B7423449EDE009F32A2 /* FiveDayParams.swift in Sources */ = {isa = PBXBuildFile; fileRef = DB8D2B7323449EDE009F32A2 /* FiveDayParams.swift */; };
		DB8D2B7623449F07009F32A2 /* FiveDayService.swift in Sources */ = {isa = PBXBuildFile; fileRef = DB8D2B7523449F07009F32A2 /* FiveDayService.swift */; };
		DB8D2B7823449F13009F32A2 /* FiveDayRouter.swift in Sources */ = {isa = PBXBuildFile; fileRef = DB8D2B7723449F13009F32A2 /* FiveDayRouter.swift */; };
		DB8D2B7A23449F21009F32A2 /* FiveDayResponse.swift in Sources */ = {isa = PBXBuildFile; fileRef = DB8D2B7923449F21009F32A2 /* FiveDayResponse.swift */; };
		DBA73AA8235558D400E036BD /* DataViewController.swift in Sources */ = {isa = PBXBuildFile; fileRef = DBA73AA6235558D400E036BD /* DataViewController.swift */; };
		DBA73AA9235558D400E036BD /* DataViewController.xib in Resources */ = {isa = PBXBuildFile; fileRef = DBA73AA7235558D400E036BD /* DataViewController.xib */; };
		DBA73AAD2355A3F800E036BD /* BannerTableViewCell.swift in Sources */ = {isa = PBXBuildFile; fileRef = DBA73AAB2355A3F800E036BD /* BannerTableViewCell.swift */; };
		DBA73AAE2355A3F800E036BD /* BannerTableViewCell.xib in Resources */ = {isa = PBXBuildFile; fileRef = DBA73AAC2355A3F800E036BD /* BannerTableViewCell.xib */; };
		DBA73AB42355A4A500E036BD /* TemperatureTableViewCell.swift in Sources */ = {isa = PBXBuildFile; fileRef = DBA73AB22355A4A500E036BD /* TemperatureTableViewCell.swift */; };
		DBA73AB52355A4A500E036BD /* TemperatureTableViewCell.xib in Resources */ = {isa = PBXBuildFile; fileRef = DBA73AB32355A4A500E036BD /* TemperatureTableViewCell.xib */; };
		DBA73AB82355A56000E036BD /* FiveDayTableViewCell.swift in Sources */ = {isa = PBXBuildFile; fileRef = DBA73AB62355A56000E036BD /* FiveDayTableViewCell.swift */; };
		DBA73AB92355A56000E036BD /* FiveDayTableViewCell.xib in Resources */ = {isa = PBXBuildFile; fileRef = DBA73AB72355A56000E036BD /* FiveDayTableViewCell.xib */; };
		DBA73ABC2355A57000E036BD /* DetailWeatherTableViewCell.swift in Sources */ = {isa = PBXBuildFile; fileRef = DBA73ABA2355A57000E036BD /* DetailWeatherTableViewCell.swift */; };
		DBA73ABD2355A57000E036BD /* DetailWeatherTableViewCell.xib in Resources */ = {isa = PBXBuildFile; fileRef = DBA73ABB2355A57000E036BD /* DetailWeatherTableViewCell.xib */; };
		DBBDE1AA234C6E6A00E921BD /* PlaceResponse.swift in Sources */ = {isa = PBXBuildFile; fileRef = DBBDE1A9234C6E6A00E921BD /* PlaceResponse.swift */; };
		DBBF851123506613002597CF /* PlaceModel.swift in Sources */ = {isa = PBXBuildFile; fileRef = DBBF851023506613002597CF /* PlaceModel.swift */; };
		DBBF8515235069CD002597CF /* Assets.xcassets in Resources */ = {isa = PBXBuildFile; fileRef = DBBF8514235069CD002597CF /* Assets.xcassets */; };
		DBBF851A23506A01002597CF /* PlaceParams.swift in Sources */ = {isa = PBXBuildFile; fileRef = DBBF851723506A01002597CF /* PlaceParams.swift */; };
		DBBF851B23506A01002597CF /* PlaceRouter.swift in Sources */ = {isa = PBXBuildFile; fileRef = DBBF851823506A01002597CF /* PlaceRouter.swift */; };
		DBBF851C23506A01002597CF /* PlaceService.swift in Sources */ = {isa = PBXBuildFile; fileRef = DBBF851923506A01002597CF /* PlaceService.swift */; };
		DBBF851E23506BEF002597CF /* SearchViewController.xib in Resources */ = {isa = PBXBuildFile; fileRef = DBBF851D23506BEE002597CF /* SearchViewController.xib */; };
		DBBF8520235075A6002597CF /* City.swift in Sources */ = {isa = PBXBuildFile; fileRef = DBBF851F235075A6002597CF /* City.swift */; };
		DBBF8522235075E6002597CF /* Cloud.swift in Sources */ = {isa = PBXBuildFile; fileRef = DBBF8521235075E6002597CF /* Cloud.swift */; };
		DBBF85262350761C002597CF /* Coordinate.swift in Sources */ = {isa = PBXBuildFile; fileRef = DBBF85252350761C002597CF /* Coordinate.swift */; };
		DBBF852823507632002597CF /* FiveDayWeather.swift in Sources */ = {isa = PBXBuildFile; fileRef = DBBF852723507632002597CF /* FiveDayWeather.swift */; };
		DBBF852A2350767F002597CF /* ListWeatherInfo.swift in Sources */ = {isa = PBXBuildFile; fileRef = DBBF85292350767F002597CF /* ListWeatherInfo.swift */; };
		DBBF8530235076DF002597CF /* Rain.swift in Sources */ = {isa = PBXBuildFile; fileRef = DBBF852F235076DF002597CF /* Rain.swift */; };
		DBBF8532235076F6002597CF /* Sys.swift in Sources */ = {isa = PBXBuildFile; fileRef = DBBF8531235076F6002597CF /* Sys.swift */; };
		DBBF85342350770E002597CF /* Weather.swift in Sources */ = {isa = PBXBuildFile; fileRef = DBBF85332350770E002597CF /* Weather.swift */; };
		DBBF853623507722002597CF /* Wind.swift in Sources */ = {isa = PBXBuildFile; fileRef = DBBF853523507722002597CF /* Wind.swift */; };
		DBBF85382350773E002597CF /* CurrentWeather.swift in Sources */ = {isa = PBXBuildFile; fileRef = DBBF85372350773E002597CF /* CurrentWeather.swift */; };
		DBBF853A23507754002597CF /* UVIndex.swift in Sources */ = {isa = PBXBuildFile; fileRef = DBBF853923507754002597CF /* UVIndex.swift */; };
		DBBF853C23507792002597CF /* MainTemperature.swift in Sources */ = {isa = PBXBuildFile; fileRef = DBBF853B23507792002597CF /* MainTemperature.swift */; };
		DBD38B1223580B6200E74A10 /* ServiceHelper.swift in Sources */ = {isa = PBXBuildFile; fileRef = DBD38B1123580B6200E74A10 /* ServiceHelper.swift */; };
		DBD38B1523585B0000E74A10 /* TemperatureCollectionViewCell.swift in Sources */ = {isa = PBXBuildFile; fileRef = DBD38B1323585B0000E74A10 /* TemperatureCollectionViewCell.swift */; };
		DBD38B1623585B0000E74A10 /* TemperatureCollectionViewCell.xib in Resources */ = {isa = PBXBuildFile; fileRef = DBD38B1423585B0000E74A10 /* TemperatureCollectionViewCell.xib */; };
		DBDE055E2344937C00B461C1 /* Constant.swift in Sources */ = {isa = PBXBuildFile; fileRef = DBDE05392344937C00B461C1 /* Constant.swift */; };
		DBDE055F2344937C00B461C1 /* LaunchScreen.storyboard in Resources */ = {isa = PBXBuildFile; fileRef = DBDE053B2344937C00B461C1 /* LaunchScreen.storyboard */; };
		DBDE05602344937C00B461C1 /* AppDelegate.swift in Sources */ = {isa = PBXBuildFile; fileRef = DBDE053D2344937C00B461C1 /* AppDelegate.swift */; };
		DBDE059B2344946600B461C1 /* Main.storyboard in Resources */ = {isa = PBXBuildFile; fileRef = DBDE057D2344946600B461C1 /* Main.storyboard */; };
		DBDE059D2344946600B461C1 /* CurrentRouter.swift in Sources */ = {isa = PBXBuildFile; fileRef = DBDE05852344946600B461C1 /* CurrentRouter.swift */; };
		DBDE059E2344946600B461C1 /* CurrentService.swift in Sources */ = {isa = PBXBuildFile; fileRef = DBDE05862344946600B461C1 /* CurrentService.swift */; };
		DBDE059F2344946600B461C1 /* ServiceRequest.swift in Sources */ = {isa = PBXBuildFile; fileRef = DBDE05882344946600B461C1 /* ServiceRequest.swift */; };
		DBDE05A02344946600B461C1 /* AlamofireAppManager.swift in Sources */ = {isa = PBXBuildFile; fileRef = DBDE05892344946600B461C1 /* AlamofireAppManager.swift */; };
		DBDE05A12344946600B461C1 /* RequestParameterObject.swift in Sources */ = {isa = PBXBuildFile; fileRef = DBDE058B2344946600B461C1 /* RequestParameterObject.swift */; };
		DBDE05A22344946600B461C1 /* CoreObject.swift in Sources */ = {isa = PBXBuildFile; fileRef = DBDE058C2344946600B461C1 /* CoreObject.swift */; };
		DBDE05A32344946600B461C1 /* RouterUrlConvertible.swift in Sources */ = {isa = PBXBuildFile; fileRef = DBDE058D2344946600B461C1 /* RouterUrlConvertible.swift */; };
		DBDE05A42344946600B461C1 /* Router.swift in Sources */ = {isa = PBXBuildFile; fileRef = DBDE058E2344946600B461C1 /* Router.swift */; };
		DBDE05A52344946600B461C1 /* ServerResponseObject.swift in Sources */ = {isa = PBXBuildFile; fileRef = DBDE058F2344946600B461C1 /* ServerResponseObject.swift */; };
		DBDE05A62344946600B461C1 /* Route.swift in Sources */ = {isa = PBXBuildFile; fileRef = DBDE05902344946600B461C1 /* Route.swift */; };
/* End PBXBuildFile section */

/* Begin PBXFileReference section */
		368E8F8B6AD71F7D48BD2645 /* Pods-WeatherForcast.debug.xcconfig */ = {isa = PBXFileReference; includeInIndex = 1; lastKnownFileType = text.xcconfig; name = "Pods-WeatherForcast.debug.xcconfig"; path = "Pods/Target Support Files/Pods-WeatherForcast/Pods-WeatherForcast.debug.xcconfig"; sourceTree = "<group>"; };
		37D052D7096C8201C5975962 /* Pods-WeatherForcast.release.xcconfig */ = {isa = PBXFileReference; includeInIndex = 1; lastKnownFileType = text.xcconfig; name = "Pods-WeatherForcast.release.xcconfig"; path = "Pods/Target Support Files/Pods-WeatherForcast/Pods-WeatherForcast.release.xcconfig"; sourceTree = "<group>"; };
		D225E539FD71BBA828237A05 /* Pods_WeatherForcast.framework */ = {isa = PBXFileReference; explicitFileType = wrapper.framework; includeInIndex = 0; path = Pods_WeatherForcast.framework; sourceTree = BUILT_PRODUCTS_DIR; };
		DB0DE194234AD26F00930179 /* SearchViewController.swift */ = {isa = PBXFileReference; lastKnownFileType = sourcecode.swift; path = SearchViewController.swift; sourceTree = "<group>"; };
		DB0DE199234AD2F200930179 /* BaseViewController.swift */ = {isa = PBXFileReference; lastKnownFileType = sourcecode.swift; path = BaseViewController.swift; sourceTree = "<group>"; };
		DB0DE19B234AD35400930179 /* NsObject+Extensions.swift */ = {isa = PBXFileReference; lastKnownFileType = sourcecode.swift; path = "NsObject+Extensions.swift"; sourceTree = "<group>"; };
		DB0DE19D234AD3DE00930179 /* ListCityOfHomeTableViewCell.swift */ = {isa = PBXFileReference; lastKnownFileType = sourcecode.swift; path = ListCityOfHomeTableViewCell.swift; sourceTree = "<group>"; };
		DB0DE19E234AD3DE00930179 /* ListCityOfHomeTableViewCell.xib */ = {isa = PBXFileReference; lastKnownFileType = file.xib; path = ListCityOfHomeTableViewCell.xib; sourceTree = "<group>"; };
		DB0DE1A1234AE27800930179 /* UIView+Extension.swift */ = {isa = PBXFileReference; fileEncoding = 4; lastKnownFileType = sourcecode.swift; path = "UIView+Extension.swift"; sourceTree = "<group>"; };
		DB0DE1A5234AE27800930179 /* Double+Extension.swift */ = {isa = PBXFileReference; fileEncoding = 4; lastKnownFileType = sourcecode.swift; path = "Double+Extension.swift"; sourceTree = "<group>"; };
		DB0DE1AB234B28FB00930179 /* AnimationController.swift */ = {isa = PBXFileReference; lastKnownFileType = sourcecode.swift; path = AnimationController.swift; sourceTree = "<group>"; };
		DB27F6B52344984000F2147B /* CurrentWeatherParams.swift */ = {isa = PBXFileReference; lastKnownFileType = sourcecode.swift; path = CurrentWeatherParams.swift; sourceTree = "<group>"; };
		DB3197382341D73000FB0F68 /* WeatherForcast.app */ = {isa = PBXFileReference; explicitFileType = wrapper.application; includeInIndex = 0; path = WeatherForcast.app; sourceTree = BUILT_PRODUCTS_DIR; };
		DB46576A2345E62100CB91C7 /* HomeViewController.swift */ = {isa = PBXFileReference; lastKnownFileType = sourcecode.swift; path = HomeViewController.swift; sourceTree = "<group>"; };
		DB46576B2345E62100CB91C7 /* HomeViewController.xib */ = {isa = PBXFileReference; lastKnownFileType = file.xib; path = HomeViewController.xib; sourceTree = "<group>"; };
		DB61664B235412EB009D48D4 /* Int+Extension.swift */ = {isa = PBXFileReference; lastKnownFileType = sourcecode.swift; path = "Int+Extension.swift"; sourceTree = "<group>"; };
		DB61664D23541454009D48D4 /* PassData.swift */ = {isa = PBXFileReference; lastKnownFileType = sourcecode.swift; path = PassData.swift; sourceTree = "<group>"; };
		DB61664F2354159B009D48D4 /* String+Extension.swift */ = {isa = PBXFileReference; lastKnownFileType = sourcecode.swift; path = "String+Extension.swift"; sourceTree = "<group>"; };
		DB616652235416DB009D48D4 /* DetailViewController.swift */ = {isa = PBXFileReference; lastKnownFileType = sourcecode.swift; path = DetailViewController.swift; sourceTree = "<group>"; };
		DB616653235416DB009D48D4 /* DetailViewController.xib */ = {isa = PBXFileReference; lastKnownFileType = file.xib; path = DetailViewController.xib; sourceTree = "<group>"; };
		DB6D5D8B23458FCA009E4DC3 /* APIkey.swift */ = {isa = PBXFileReference; lastKnownFileType = sourcecode.swift; path = APIkey.swift; sourceTree = "<group>"; };
		DB83DE97235023F5004D8F9C /* UVIndexRouter.swift */ = {isa = PBXFileReference; lastKnownFileType = sourcecode.swift; path = UVIndexRouter.swift; sourceTree = "<group>"; };
		DB83DE9923502439004D8F9C /* UVIndexService.swift */ = {isa = PBXFileReference; lastKnownFileType = sourcecode.swift; path = UVIndexService.swift; sourceTree = "<group>"; };
		DB83DE9B23502452004D8F9C /* UVIndexParams.swift */ = {isa = PBXFileReference; lastKnownFileType = sourcecode.swift; path = UVIndexParams.swift; sourceTree = "<group>"; };
		DB83DE9D23502475004D8F9C /* UVIndexResponse.swift */ = {isa = PBXFileReference; lastKnownFileType = sourcecode.swift; path = UVIndexResponse.swift; sourceTree = "<group>"; };
		DB83DE9F2350257E004D8F9C /* TableView+Extension.swift */ = {isa = PBXFileReference; lastKnownFileType = sourcecode.swift; path = "TableView+Extension.swift"; sourceTree = "<group>"; };
		DB83DEA523502EC2004D8F9C /* CollectionView+Extension.swift */ = {isa = PBXFileReference; lastKnownFileType = sourcecode.swift; path = "CollectionView+Extension.swift"; sourceTree = "<group>"; };
		DB83DEA7235030FC004D8F9C /* UIColor+Extension.swift */ = {isa = PBXFileReference; lastKnownFileType = sourcecode.swift; path = "UIColor+Extension.swift"; sourceTree = "<group>"; };
		DB8D2B7123449DFE009F32A2 /* CurrentWeatherResponse.swift */ = {isa = PBXFileReference; lastKnownFileType = sourcecode.swift; path = CurrentWeatherResponse.swift; sourceTree = "<group>"; };
		DB8D2B7323449EDE009F32A2 /* FiveDayParams.swift */ = {isa = PBXFileReference; lastKnownFileType = sourcecode.swift; path = FiveDayParams.swift; sourceTree = "<group>"; };
		DB8D2B7523449F07009F32A2 /* FiveDayService.swift */ = {isa = PBXFileReference; lastKnownFileType = sourcecode.swift; path = FiveDayService.swift; sourceTree = "<group>"; };
		DB8D2B7723449F13009F32A2 /* FiveDayRouter.swift */ = {isa = PBXFileReference; lastKnownFileType = sourcecode.swift; path = FiveDayRouter.swift; sourceTree = "<group>"; };
		DB8D2B7923449F21009F32A2 /* FiveDayResponse.swift */ = {isa = PBXFileReference; lastKnownFileType = sourcecode.swift; path = FiveDayResponse.swift; sourceTree = "<group>"; };
		DBA73AA6235558D400E036BD /* DataViewController.swift */ = {isa = PBXFileReference; lastKnownFileType = sourcecode.swift; path = DataViewController.swift; sourceTree = "<group>"; };
		DBA73AA7235558D400E036BD /* DataViewController.xib */ = {isa = PBXFileReference; lastKnownFileType = file.xib; path = DataViewController.xib; sourceTree = "<group>"; };
		DBA73AAB2355A3F800E036BD /* BannerTableViewCell.swift */ = {isa = PBXFileReference; lastKnownFileType = sourcecode.swift; path = BannerTableViewCell.swift; sourceTree = "<group>"; };
		DBA73AAC2355A3F800E036BD /* BannerTableViewCell.xib */ = {isa = PBXFileReference; lastKnownFileType = file.xib; path = BannerTableViewCell.xib; sourceTree = "<group>"; };
		DBA73AB22355A4A500E036BD /* TemperatureTableViewCell.swift */ = {isa = PBXFileReference; lastKnownFileType = sourcecode.swift; path = TemperatureTableViewCell.swift; sourceTree = "<group>"; };
		DBA73AB32355A4A500E036BD /* TemperatureTableViewCell.xib */ = {isa = PBXFileReference; lastKnownFileType = file.xib; path = TemperatureTableViewCell.xib; sourceTree = "<group>"; };
		DBA73AB62355A56000E036BD /* FiveDayTableViewCell.swift */ = {isa = PBXFileReference; lastKnownFileType = sourcecode.swift; path = FiveDayTableViewCell.swift; sourceTree = "<group>"; };
		DBA73AB72355A56000E036BD /* FiveDayTableViewCell.xib */ = {isa = PBXFileReference; lastKnownFileType = file.xib; path = FiveDayTableViewCell.xib; sourceTree = "<group>"; };
		DBA73ABA2355A57000E036BD /* DetailWeatherTableViewCell.swift */ = {isa = PBXFileReference; lastKnownFileType = sourcecode.swift; path = DetailWeatherTableViewCell.swift; sourceTree = "<group>"; };
		DBA73ABB2355A57000E036BD /* DetailWeatherTableViewCell.xib */ = {isa = PBXFileReference; lastKnownFileType = file.xib; path = DetailWeatherTableViewCell.xib; sourceTree = "<group>"; };
		DBBDE1A9234C6E6A00E921BD /* PlaceResponse.swift */ = {isa = PBXFileReference; lastKnownFileType = sourcecode.swift; path = PlaceResponse.swift; sourceTree = "<group>"; };
		DBBF851023506613002597CF /* PlaceModel.swift */ = {isa = PBXFileReference; fileEncoding = 4; lastKnownFileType = sourcecode.swift; path = PlaceModel.swift; sourceTree = "<group>"; };
		DBBF8514235069CD002597CF /* Assets.xcassets */ = {isa = PBXFileReference; lastKnownFileType = folder.assetcatalog; path = Assets.xcassets; sourceTree = "<group>"; };
		DBBF851723506A01002597CF /* PlaceParams.swift */ = {isa = PBXFileReference; fileEncoding = 4; lastKnownFileType = sourcecode.swift; path = PlaceParams.swift; sourceTree = "<group>"; };
		DBBF851823506A01002597CF /* PlaceRouter.swift */ = {isa = PBXFileReference; fileEncoding = 4; lastKnownFileType = sourcecode.swift; path = PlaceRouter.swift; sourceTree = "<group>"; };
		DBBF851923506A01002597CF /* PlaceService.swift */ = {isa = PBXFileReference; fileEncoding = 4; lastKnownFileType = sourcecode.swift; path = PlaceService.swift; sourceTree = "<group>"; };
		DBBF851D23506BEE002597CF /* SearchViewController.xib */ = {isa = PBXFileReference; fileEncoding = 4; lastKnownFileType = file.xib; path = SearchViewController.xib; sourceTree = "<group>"; };
		DBBF851F235075A6002597CF /* City.swift */ = {isa = PBXFileReference; lastKnownFileType = sourcecode.swift; path = City.swift; sourceTree = "<group>"; };
		DBBF8521235075E6002597CF /* Cloud.swift */ = {isa = PBXFileReference; lastKnownFileType = sourcecode.swift; path = Cloud.swift; sourceTree = "<group>"; };
		DBBF85252350761C002597CF /* Coordinate.swift */ = {isa = PBXFileReference; lastKnownFileType = sourcecode.swift; path = Coordinate.swift; sourceTree = "<group>"; };
		DBBF852723507632002597CF /* FiveDayWeather.swift */ = {isa = PBXFileReference; lastKnownFileType = sourcecode.swift; path = FiveDayWeather.swift; sourceTree = "<group>"; };
		DBBF85292350767F002597CF /* ListWeatherInfo.swift */ = {isa = PBXFileReference; lastKnownFileType = sourcecode.swift; path = ListWeatherInfo.swift; sourceTree = "<group>"; };
		DBBF852F235076DF002597CF /* Rain.swift */ = {isa = PBXFileReference; lastKnownFileType = sourcecode.swift; path = Rain.swift; sourceTree = "<group>"; };
		DBBF8531235076F6002597CF /* Sys.swift */ = {isa = PBXFileReference; lastKnownFileType = sourcecode.swift; path = Sys.swift; sourceTree = "<group>"; };
		DBBF85332350770E002597CF /* Weather.swift */ = {isa = PBXFileReference; lastKnownFileType = sourcecode.swift; path = Weather.swift; sourceTree = "<group>"; };
		DBBF853523507722002597CF /* Wind.swift */ = {isa = PBXFileReference; lastKnownFileType = sourcecode.swift; path = Wind.swift; sourceTree = "<group>"; };
		DBBF85372350773E002597CF /* CurrentWeather.swift */ = {isa = PBXFileReference; lastKnownFileType = sourcecode.swift; path = CurrentWeather.swift; sourceTree = "<group>"; };
		DBBF853923507754002597CF /* UVIndex.swift */ = {isa = PBXFileReference; lastKnownFileType = sourcecode.swift; path = UVIndex.swift; sourceTree = "<group>"; };
		DBBF853B23507792002597CF /* MainTemperature.swift */ = {isa = PBXFileReference; lastKnownFileType = sourcecode.swift; path = MainTemperature.swift; sourceTree = "<group>"; };
		DBD38B1123580B6200E74A10 /* ServiceHelper.swift */ = {isa = PBXFileReference; lastKnownFileType = sourcecode.swift; path = ServiceHelper.swift; sourceTree = "<group>"; };
		DBD38B1323585B0000E74A10 /* TemperatureCollectionViewCell.swift */ = {isa = PBXFileReference; lastKnownFileType = sourcecode.swift; path = TemperatureCollectionViewCell.swift; sourceTree = "<group>"; };
		DBD38B1423585B0000E74A10 /* TemperatureCollectionViewCell.xib */ = {isa = PBXFileReference; lastKnownFileType = file.xib; path = TemperatureCollectionViewCell.xib; sourceTree = "<group>"; };
		DBDE05392344937C00B461C1 /* Constant.swift */ = {isa = PBXFileReference; fileEncoding = 4; lastKnownFileType = sourcecode.swift; path = Constant.swift; sourceTree = "<group>"; };
		DBDE053C2344937C00B461C1 /* Base */ = {isa = PBXFileReference; lastKnownFileType = file.storyboard; name = Base; path = Base.lproj/LaunchScreen.storyboard; sourceTree = "<group>"; };
		DBDE053D2344937C00B461C1 /* AppDelegate.swift */ = {isa = PBXFileReference; fileEncoding = 4; lastKnownFileType = sourcecode.swift; path = AppDelegate.swift; sourceTree = "<group>"; };
		DBDE053E2344937C00B461C1 /* Info.plist */ = {isa = PBXFileReference; fileEncoding = 4; lastKnownFileType = text.plist.xml; path = Info.plist; sourceTree = "<group>"; };
		DBDE057E2344946600B461C1 /* Base */ = {isa = PBXFileReference; lastKnownFileType = file.storyboard; name = Base; path = Base.lproj/Main.storyboard; sourceTree = "<group>"; };
		DBDE05852344946600B461C1 /* CurrentRouter.swift */ = {isa = PBXFileReference; fileEncoding = 4; lastKnownFileType = sourcecode.swift; path = CurrentRouter.swift; sourceTree = "<group>"; };
		DBDE05862344946600B461C1 /* CurrentService.swift */ = {isa = PBXFileReference; fileEncoding = 4; lastKnownFileType = sourcecode.swift; path = CurrentService.swift; sourceTree = "<group>"; };
		DBDE05882344946600B461C1 /* ServiceRequest.swift */ = {isa = PBXFileReference; fileEncoding = 4; lastKnownFileType = sourcecode.swift; path = ServiceRequest.swift; sourceTree = "<group>"; };
		DBDE05892344946600B461C1 /* AlamofireAppManager.swift */ = {isa = PBXFileReference; fileEncoding = 4; lastKnownFileType = sourcecode.swift; path = AlamofireAppManager.swift; sourceTree = "<group>"; };
		DBDE058B2344946600B461C1 /* RequestParameterObject.swift */ = {isa = PBXFileReference; fileEncoding = 4; lastKnownFileType = sourcecode.swift; path = RequestParameterObject.swift; sourceTree = "<group>"; };
		DBDE058C2344946600B461C1 /* CoreObject.swift */ = {isa = PBXFileReference; fileEncoding = 4; lastKnownFileType = sourcecode.swift; path = CoreObject.swift; sourceTree = "<group>"; };
		DBDE058D2344946600B461C1 /* RouterUrlConvertible.swift */ = {isa = PBXFileReference; fileEncoding = 4; lastKnownFileType = sourcecode.swift; path = RouterUrlConvertible.swift; sourceTree = "<group>"; };
		DBDE058E2344946600B461C1 /* Router.swift */ = {isa = PBXFileReference; fileEncoding = 4; lastKnownFileType = sourcecode.swift; path = Router.swift; sourceTree = "<group>"; };
		DBDE058F2344946600B461C1 /* ServerResponseObject.swift */ = {isa = PBXFileReference; fileEncoding = 4; lastKnownFileType = sourcecode.swift; path = ServerResponseObject.swift; sourceTree = "<group>"; };
		DBDE05902344946600B461C1 /* Route.swift */ = {isa = PBXFileReference; fileEncoding = 4; lastKnownFileType = sourcecode.swift; path = Route.swift; sourceTree = "<group>"; };
/* End PBXFileReference section */

/* Begin PBXFrameworksBuildPhase section */
		DB3197352341D73000FB0F68 /* Frameworks */ = {
			isa = PBXFrameworksBuildPhase;
			buildActionMask = 2147483647;
			files = (
				524F45385834A3BEDDB94326 /* Pods_WeatherForcast.framework in Frameworks */,
			);
			runOnlyForDeploymentPostprocessing = 0;
		};
/* End PBXFrameworksBuildPhase section */

/* Begin PBXGroup section */
		97E5BC3120AC65EEC9BE7801 /* Pods */ = {
			isa = PBXGroup;
			children = (
				368E8F8B6AD71F7D48BD2645 /* Pods-WeatherForcast.debug.xcconfig */,
				37D052D7096C8201C5975962 /* Pods-WeatherForcast.release.xcconfig */,
			);
			name = Pods;
			sourceTree = "<group>";
		};
		B53F136EF3EBFD21F7236405 /* Frameworks */ = {
			isa = PBXGroup;
			children = (
				D225E539FD71BBA828237A05 /* Pods_WeatherForcast.framework */,
			);
			name = Frameworks;
			sourceTree = "<group>";
		};
		DB0DE191234AD23000930179 /* Cell */ = {
			isa = PBXGroup;
			children = (
				DB0DE19D234AD3DE00930179 /* ListCityOfHomeTableViewCell.swift */,
				DB0DE19E234AD3DE00930179 /* ListCityOfHomeTableViewCell.xib */,
			);
			path = Cell;
			sourceTree = "<group>";
		};
		DB0DE193234AD25C00930179 /* SearchScreen */ = {
			isa = PBXGroup;
			children = (
				DB7F61C52357056A00E6DA07 /* Cell */,
				DB0DE194234AD26F00930179 /* SearchViewController.swift */,
				DBBF851D23506BEE002597CF /* SearchViewController.xib */,
			);
			path = SearchScreen;
			sourceTree = "<group>";
		};
		DB0DE198234AD2E000930179 /* Base */ = {
			isa = PBXGroup;
			children = (
				DB0DE199234AD2F200930179 /* BaseViewController.swift */,
			);
			path = Base;
			sourceTree = "<group>";
		};
		DB27F6B72344984D00F2147B /* FiveDayApi */ = {
			isa = PBXGroup;
			children = (
				DB8D2B7323449EDE009F32A2 /* FiveDayParams.swift */,
				DB8D2B7523449F07009F32A2 /* FiveDayService.swift */,
				DB8D2B7723449F13009F32A2 /* FiveDayRouter.swift */,
			);
			path = FiveDayApi;
			sourceTree = "<group>";
		};
		DB31972F2341D73000FB0F68 = {
			isa = PBXGroup;
			children = (
				DBDE05352344937C00B461C1 /* WeatherForcast */,
				DB3197392341D73000FB0F68 /* Products */,
				97E5BC3120AC65EEC9BE7801 /* Pods */,
				B53F136EF3EBFD21F7236405 /* Frameworks */,
			);
			sourceTree = "<group>";
		};
		DB3197392341D73000FB0F68 /* Products */ = {
			isa = PBXGroup;
			children = (
				DB3197382341D73000FB0F68 /* WeatherForcast.app */,
			);
			name = Products;
			sourceTree = "<group>";
		};
		DB4657682345E5F700CB91C7 /* Scenes */ = {
			isa = PBXGroup;
			children = (
				DB616651235416C5009D48D4 /* DetailScreen */,
				DB0DE198234AD2E000930179 /* Base */,
				DB0DE193234AD25C00930179 /* SearchScreen */,
				DB4657692345E5FC00CB91C7 /* HomeScreen */,
			);
			path = Scenes;
			sourceTree = "<group>";
		};
		DB4657692345E5FC00CB91C7 /* HomeScreen */ = {
			isa = PBXGroup;
			children = (
				DB0DE191234AD23000930179 /* Cell */,
				DB46576A2345E62100CB91C7 /* HomeViewController.swift */,
				DB46576B2345E62100CB91C7 /* HomeViewController.xib */,
			);
			path = HomeScreen;
			sourceTree = "<group>";
		};
		DB616651235416C5009D48D4 /* DetailScreen */ = {
			isa = PBXGroup;
			children = (
				DB61665623545E83009D48D4 /* SubViewPageViewController */,
				DB616652235416DB009D48D4 /* DetailViewController.swift */,
				DB616653235416DB009D48D4 /* DetailViewController.xib */,
			);
			path = DetailScreen;
			sourceTree = "<group>";
		};
		DB61665623545E83009D48D4 /* SubViewPageViewController */ = {
			isa = PBXGroup;
			children = (
				DBA73AB12355A40200E036BD /* DetailWeatherCell */,
				DBA73AB02355A40000E036BD /* FiveDayWeatherCell */,
				DBA73AAF2355A3FD00E036BD /* TemperatureCell */,
				DBA73AAA2355A33F00E036BD /* BannerCell */,
				DBA73AA6235558D400E036BD /* DataViewController.swift */,
				DBA73AA7235558D400E036BD /* DataViewController.xib */,
			);
			path = SubViewPageViewController;
			sourceTree = "<group>";
		};
		DB7F61C52357056A00E6DA07 /* Cell */ = {
			isa = PBXGroup;
			children = (
			);
			path = Cell;
			sourceTree = "<group>";
		};
		DB7F61C623570B7000E6DA07 /* Cell */ = {
			isa = PBXGroup;
			children = (
				DBD38B1323585B0000E74A10 /* TemperatureCollectionViewCell.swift */,
				DBD38B1423585B0000E74A10 /* TemperatureCollectionViewCell.xib */,
			);
			path = Cell;
			sourceTree = "<group>";
		};
		DB83DE90235023C2004D8F9C /* UVIndexApi */ = {
			isa = PBXGroup;
			children = (
				DB83DE97235023F5004D8F9C /* UVIndexRouter.swift */,
				DB83DE9923502439004D8F9C /* UVIndexService.swift */,
				DB83DE9B23502452004D8F9C /* UVIndexParams.swift */,
			);
			path = UVIndexApi;
			sourceTree = "<group>";
		};
		DBA73AAA2355A33F00E036BD /* BannerCell */ = {
			isa = PBXGroup;
			children = (
				DBA73AAB2355A3F800E036BD /* BannerTableViewCell.swift */,
				DBA73AAC2355A3F800E036BD /* BannerTableViewCell.xib */,
			);
			path = BannerCell;
			sourceTree = "<group>";
		};
		DBA73AAF2355A3FD00E036BD /* TemperatureCell */ = {
			isa = PBXGroup;
			children = (
				DB7F61C623570B7000E6DA07 /* Cell */,
				DBA73AB22355A4A500E036BD /* TemperatureTableViewCell.swift */,
				DBA73AB32355A4A500E036BD /* TemperatureTableViewCell.xib */,
			);
			path = TemperatureCell;
			sourceTree = "<group>";
		};
		DBA73AB02355A40000E036BD /* FiveDayWeatherCell */ = {
			isa = PBXGroup;
			children = (
				DBA73AB62355A56000E036BD /* FiveDayTableViewCell.swift */,
				DBA73AB72355A56000E036BD /* FiveDayTableViewCell.xib */,
			);
			path = FiveDayWeatherCell;
			sourceTree = "<group>";
		};
		DBA73AB12355A40200E036BD /* DetailWeatherCell */ = {
			isa = PBXGroup;
			children = (
				DBA73ABA2355A57000E036BD /* DetailWeatherTableViewCell.swift */,
				DBA73ABB2355A57000E036BD /* DetailWeatherTableViewCell.xib */,
			);
			path = DetailWeatherCell;
			sourceTree = "<group>";
		};
		DBBF850F23506613002597CF /* GooglePlaceModel */ = {
			isa = PBXGroup;
			children = (
				DBBF851023506613002597CF /* PlaceModel.swift */,
			);
			path = GooglePlaceModel;
			sourceTree = "<group>";
		};
		DBBF851223506637002597CF /* WeatherModel */ = {
			isa = PBXGroup;
			children = (
				DBBF851F235075A6002597CF /* City.swift */,
				DBBF8521235075E6002597CF /* Cloud.swift */,
				DBBF85252350761C002597CF /* Coordinate.swift */,
				DBBF852723507632002597CF /* FiveDayWeather.swift */,
				DBBF85292350767F002597CF /* ListWeatherInfo.swift */,
				DBBF852F235076DF002597CF /* Rain.swift */,
				DBBF8531235076F6002597CF /* Sys.swift */,
				DBBF85332350770E002597CF /* Weather.swift */,
				DBBF853523507722002597CF /* Wind.swift */,
				DBBF85372350773E002597CF /* CurrentWeather.swift */,
				DBBF853923507754002597CF /* UVIndex.swift */,
				DBBF853B23507792002597CF /* MainTemperature.swift */,
			);
			path = WeatherModel;
			sourceTree = "<group>";
		};
		DBBF8513235069CD002597CF /* Resources */ = {
			isa = PBXGroup;
			children = (
				DBBF8514235069CD002597CF /* Assets.xcassets */,
			);
			path = Resources;
			sourceTree = "<group>";
		};
		DBBF851623506A01002597CF /* GooglePlace */ = {
			isa = PBXGroup;
			children = (
				DBBF851723506A01002597CF /* PlaceParams.swift */,
				DBBF851823506A01002597CF /* PlaceRouter.swift */,
				DBBF851923506A01002597CF /* PlaceService.swift */,
			);
			path = GooglePlace;
			sourceTree = "<group>";
		};
		DBDE05352344937C00B461C1 /* WeatherForcast */ = {
			isa = PBXGroup;
			children = (
				DBBF8513235069CD002597CF /* Resources */,
				DB4657682345E5F700CB91C7 /* Scenes */,
				DBDE053A2344937C00B461C1 /* Application */,
				DBDE05AE2344949100B461C1 /* Repositories */,
				DBDE057A2344946600B461C1 /* Data */,
				DBDE05792344946600B461C1 /* Extensions */,
				DBDE05AD2344947B00B461C1 /* Widgets */,
				DBDE05382344937C00B461C1 /* Utils */,
			);
			path = WeatherForcast;
			sourceTree = "<group>";
		};
		DBDE05382344937C00B461C1 /* Utils */ = {
			isa = PBXGroup;
			children = (
				DBDE05392344937C00B461C1 /* Constant.swift */,
			);
			path = Utils;
			sourceTree = "<group>";
		};
		DBDE053A2344937C00B461C1 /* Application */ = {
			isa = PBXGroup;
			children = (
				DBDE053B2344937C00B461C1 /* LaunchScreen.storyboard */,
				DBDE053D2344937C00B461C1 /* AppDelegate.swift */,
				DBDE053E2344937C00B461C1 /* Info.plist */,
			);
			path = Application;
			sourceTree = "<group>";
		};
		DBDE05792344946600B461C1 /* Extensions */ = {
			isa = PBXGroup;
			children = (
				DB0DE1A5234AE27800930179 /* Double+Extension.swift */,
				DB0DE1A1234AE27800930179 /* UIView+Extension.swift */,
				DB0DE19B234AD35400930179 /* NsObject+Extensions.swift */,
				DB83DE9F2350257E004D8F9C /* TableView+Extension.swift */,
				DB83DEA523502EC2004D8F9C /* CollectionView+Extension.swift */,
				DB83DEA7235030FC004D8F9C /* UIColor+Extension.swift */,
				DB61664B235412EB009D48D4 /* Int+Extension.swift */,
				DB61664F2354159B009D48D4 /* String+Extension.swift */,
			);
			path = Extensions;
			sourceTree = "<group>";
		};
		DBDE057A2344946600B461C1 /* Data */ = {
			isa = PBXGroup;
			children = (
				DBDE058A2344946600B461C1 /* Protocol */,
				DBDE057B2344946600B461C1 /* Source */,
				DBDE05912344946600B461C1 /* Model */,
				DB6D5D8B23458FCA009E4DC3 /* APIkey.swift */,
				DBD38B1123580B6200E74A10 /* ServiceHelper.swift */,
			);
			path = Data;
			sourceTree = "<group>";
		};
		DBDE057B2344946600B461C1 /* Source */ = {
			isa = PBXGroup;
			children = (
				DBDE057C2344946600B461C1 /* Local */,
				DBDE057F2344946600B461C1 /* Remote */,
			);
			path = Source;
			sourceTree = "<group>";
		};
		DBDE057C2344946600B461C1 /* Local */ = {
			isa = PBXGroup;
			children = (
				DBDE057D2344946600B461C1 /* Main.storyboard */,
			);
			path = Local;
			sourceTree = "<group>";
		};
		DBDE057F2344946600B461C1 /* Remote */ = {
			isa = PBXGroup;
			children = (
				DBDE05802344946600B461C1 /* Api */,
				DBDE05872344946600B461C1 /* Service */,
			);
			path = Remote;
			sourceTree = "<group>";
		};
		DBDE05802344946600B461C1 /* Api */ = {
			isa = PBXGroup;
			children = (
				DBDE05812344946600B461C1 /* Response */,
				DBDE05832344946600B461C1 /* Request */,
			);
			path = Api;
			sourceTree = "<group>";
		};
		DBDE05812344946600B461C1 /* Response */ = {
			isa = PBXGroup;
			children = (
				DB8D2B7123449DFE009F32A2 /* CurrentWeatherResponse.swift */,
				DB8D2B7923449F21009F32A2 /* FiveDayResponse.swift */,
				DB83DE9D23502475004D8F9C /* UVIndexResponse.swift */,
				DBBDE1A9234C6E6A00E921BD /* PlaceResponse.swift */,
			);
			path = Response;
			sourceTree = "<group>";
		};
		DBDE05832344946600B461C1 /* Request */ = {
			isa = PBXGroup;
			children = (
				DBBF851623506A01002597CF /* GooglePlace */,
				DB83DE90235023C2004D8F9C /* UVIndexApi */,
				DB27F6B72344984D00F2147B /* FiveDayApi */,
				DBDE05842344946600B461C1 /* CurrentWeatherApi */,
			);
			path = Request;
			sourceTree = "<group>";
		};
		DBDE05842344946600B461C1 /* CurrentWeatherApi */ = {
			isa = PBXGroup;
			children = (
				DBDE05852344946600B461C1 /* CurrentRouter.swift */,
				DBDE05862344946600B461C1 /* CurrentService.swift */,
				DB27F6B52344984000F2147B /* CurrentWeatherParams.swift */,
			);
			path = CurrentWeatherApi;
			sourceTree = "<group>";
		};
		DBDE05872344946600B461C1 /* Service */ = {
			isa = PBXGroup;
			children = (
				DBDE05882344946600B461C1 /* ServiceRequest.swift */,
				DBDE05892344946600B461C1 /* AlamofireAppManager.swift */,
				DBDE058D2344946600B461C1 /* RouterUrlConvertible.swift */,
				DBDE058E2344946600B461C1 /* Router.swift */,
				DBDE058F2344946600B461C1 /* ServerResponseObject.swift */,
				DBDE05902344946600B461C1 /* Route.swift */,
			);
			path = Service;
			sourceTree = "<group>";
		};
		DBDE058A2344946600B461C1 /* Protocol */ = {
			isa = PBXGroup;
			children = (
				DBDE058B2344946600B461C1 /* RequestParameterObject.swift */,
				DBDE058C2344946600B461C1 /* CoreObject.swift */,
				DB61664D23541454009D48D4 /* PassData.swift */,
			);
			path = Protocol;
			sourceTree = "<group>";
		};
		DBDE05912344946600B461C1 /* Model */ = {
			isa = PBXGroup;
			children = (
				DBBF850F23506613002597CF /* GooglePlaceModel */,
				DBBF851223506637002597CF /* WeatherModel */,
			);
			path = Model;
			sourceTree = "<group>";
		};
		DBDE05AD2344947B00B461C1 /* Widgets */ = {
			isa = PBXGroup;
			children = (
				DB0DE1AB234B28FB00930179 /* AnimationController.swift */,
			);
			path = Widgets;
			sourceTree = "<group>";
		};
		DBDE05AE2344949100B461C1 /* Repositories */ = {
			isa = PBXGroup;
			children = (
			);
			path = Repositories;
			sourceTree = "<group>";
		};
/* End PBXGroup section */

/* Begin PBXNativeTarget section */
		DB3197372341D73000FB0F68 /* WeatherForcast */ = {
			isa = PBXNativeTarget;
			buildConfigurationList = DB31974A2341D73200FB0F68 /* Build configuration list for PBXNativeTarget "WeatherForcast" */;
			buildPhases = (
				2D4C99327A55C3058E0D640D /* [CP] Check Pods Manifest.lock */,
				DB3197342341D73000FB0F68 /* Sources */,
				DB3197352341D73000FB0F68 /* Frameworks */,
				DB3197362341D73000FB0F68 /* Resources */,
				4897704E5AD72E031687AF0F /* [CP] Embed Pods Frameworks */,
			);
			buildRules = (
			);
			dependencies = (
			);
			name = WeatherForcast;
			productName = WeatherForcast;
			productReference = DB3197382341D73000FB0F68 /* WeatherForcast.app */;
			productType = "com.apple.product-type.application";
		};
/* End PBXNativeTarget section */

/* Begin PBXProject section */
		DB3197302341D73000FB0F68 /* Project object */ = {
			isa = PBXProject;
			attributes = {
				LastSwiftUpdateCheck = 1030;
				LastUpgradeCheck = 1030;
				ORGANIZATIONNAME = Sun;
				TargetAttributes = {
					DB3197372341D73000FB0F68 = {
						CreatedOnToolsVersion = 10.3;
					};
				};
			};
			buildConfigurationList = DB3197332341D73000FB0F68 /* Build configuration list for PBXProject "WeatherForcast" */;
			compatibilityVersion = "Xcode 9.3";
			developmentRegion = en;
			hasScannedForEncodings = 0;
			knownRegions = (
				en,
				Base,
			);
			mainGroup = DB31972F2341D73000FB0F68;
			productRefGroup = DB3197392341D73000FB0F68 /* Products */;
			projectDirPath = "";
			projectRoot = "";
			targets = (
				DB3197372341D73000FB0F68 /* WeatherForcast */,
			);
		};
/* End PBXProject section */

/* Begin PBXResourcesBuildPhase section */
		DB3197362341D73000FB0F68 /* Resources */ = {
			isa = PBXResourcesBuildPhase;
			buildActionMask = 2147483647;
			files = (
				DBDE059B2344946600B461C1 /* Main.storyboard in Resources */,
				DBA73AA9235558D400E036BD /* DataViewController.xib in Resources */,
				DBA73AAE2355A3F800E036BD /* BannerTableViewCell.xib in Resources */,
				DBDE055F2344937C00B461C1 /* LaunchScreen.storyboard in Resources */,
				DBA73AB92355A56000E036BD /* FiveDayTableViewCell.xib in Resources */,
				DB616655235416DB009D48D4 /* DetailViewController.xib in Resources */,
				DBBF851E23506BEF002597CF /* SearchViewController.xib in Resources */,
				DB0DE1A0234AD3DE00930179 /* ListCityOfHomeTableViewCell.xib in Resources */,
				DBBF8515235069CD002597CF /* Assets.xcassets in Resources */,
				DBA73ABD2355A57000E036BD /* DetailWeatherTableViewCell.xib in Resources */,
				DBD38B1623585B0000E74A10 /* TemperatureCollectionViewCell.xib in Resources */,
				DBA73AB52355A4A500E036BD /* TemperatureTableViewCell.xib in Resources */,
				DB46576D2345E62100CB91C7 /* HomeViewController.xib in Resources */,
			);
			runOnlyForDeploymentPostprocessing = 0;
		};
/* End PBXResourcesBuildPhase section */

/* Begin PBXShellScriptBuildPhase section */
		2D4C99327A55C3058E0D640D /* [CP] Check Pods Manifest.lock */ = {
			isa = PBXShellScriptBuildPhase;
			buildActionMask = 2147483647;
			files = (
			);
			inputFileListPaths = (
			);
			inputPaths = (
				"${PODS_PODFILE_DIR_PATH}/Podfile.lock",
				"${PODS_ROOT}/Manifest.lock",
			);
			name = "[CP] Check Pods Manifest.lock";
			outputFileListPaths = (
			);
			outputPaths = (
				"$(DERIVED_FILE_DIR)/Pods-WeatherForcast-checkManifestLockResult.txt",
			);
			runOnlyForDeploymentPostprocessing = 0;
			shellPath = /bin/sh;
			shellScript = "diff \"${PODS_PODFILE_DIR_PATH}/Podfile.lock\" \"${PODS_ROOT}/Manifest.lock\" > /dev/null\nif [ $? != 0 ] ; then\n    # print error to STDERR\n    echo \"error: The sandbox is not in sync with the Podfile.lock. Run 'pod install' or update your CocoaPods installation.\" >&2\n    exit 1\nfi\n# This output is used by Xcode 'outputs' to avoid re-running this script phase.\necho \"SUCCESS\" > \"${SCRIPT_OUTPUT_FILE_0}\"\n";
			showEnvVarsInLog = 0;
		};
		4897704E5AD72E031687AF0F /* [CP] Embed Pods Frameworks */ = {
			isa = PBXShellScriptBuildPhase;
			buildActionMask = 2147483647;
			files = (
			);
			inputFileListPaths = (
			);
			inputPaths = (
				"${SRCROOT}/Pods/Target Support Files/Pods-WeatherForcast/Pods-WeatherForcast-frameworks.sh",
				"${BUILT_PRODUCTS_DIR}/Alamofire/Alamofire.framework",
				"${BUILT_PRODUCTS_DIR}/Reusable/Reusable.framework",
				"${BUILT_PRODUCTS_DIR}/Then/Then.framework",
				"${BUILT_PRODUCTS_DIR}/netfox/netfox.framework",
			);
			name = "[CP] Embed Pods Frameworks";
			outputFileListPaths = (
			);
			outputPaths = (
				"${TARGET_BUILD_DIR}/${FRAMEWORKS_FOLDER_PATH}/Alamofire.framework",
				"${TARGET_BUILD_DIR}/${FRAMEWORKS_FOLDER_PATH}/Reusable.framework",
				"${TARGET_BUILD_DIR}/${FRAMEWORKS_FOLDER_PATH}/Then.framework",
				"${TARGET_BUILD_DIR}/${FRAMEWORKS_FOLDER_PATH}/netfox.framework",
			);
			runOnlyForDeploymentPostprocessing = 0;
			shellPath = /bin/sh;
			shellScript = "\"${SRCROOT}/Pods/Target Support Files/Pods-WeatherForcast/Pods-WeatherForcast-frameworks.sh\"\n";
			showEnvVarsInLog = 0;
		};
/* End PBXShellScriptBuildPhase section */

/* Begin PBXSourcesBuildPhase section */
		DB3197342341D73000FB0F68 /* Sources */ = {
			isa = PBXSourcesBuildPhase;
			buildActionMask = 2147483647;
			files = (
				DBBF8530235076DF002597CF /* Rain.swift in Sources */,
				DBA73AA8235558D400E036BD /* DataViewController.swift in Sources */,
				DBDE05A62344946600B461C1 /* Route.swift in Sources */,
				DB83DE9C23502452004D8F9C /* UVIndexParams.swift in Sources */,
				DB27F6B62344984000F2147B /* CurrentWeatherParams.swift in Sources */,
				DB83DEA623502EC2004D8F9C /* CollectionView+Extension.swift in Sources */,
				DBBF852A2350767F002597CF /* ListWeatherInfo.swift in Sources */,
				DB0DE196234AD26F00930179 /* SearchViewController.swift in Sources */,
				DBA73AB42355A4A500E036BD /* TemperatureTableViewCell.swift in Sources */,
				DBBF852823507632002597CF /* FiveDayWeather.swift in Sources */,
				DBDE059D2344946600B461C1 /* CurrentRouter.swift in Sources */,
				DB0DE19C234AD35400930179 /* NsObject+Extensions.swift in Sources */,
				DB8D2B7A23449F21009F32A2 /* FiveDayResponse.swift in Sources */,
				DBDE05A12344946600B461C1 /* RequestParameterObject.swift in Sources */,
				DBBF8532235076F6002597CF /* Sys.swift in Sources */,
				DBBDE1AA234C6E6A00E921BD /* PlaceResponse.swift in Sources */,
				DB8D2B7423449EDE009F32A2 /* FiveDayParams.swift in Sources */,
				DBDE05A22344946600B461C1 /* CoreObject.swift in Sources */,
				DBA73ABC2355A57000E036BD /* DetailWeatherTableViewCell.swift in Sources */,
				DBBF8520235075A6002597CF /* City.swift in Sources */,
				DBBF853623507722002597CF /* Wind.swift in Sources */,
				DB0DE1AC234B28FB00930179 /* AnimationController.swift in Sources */,
				DBBF853A23507754002597CF /* UVIndex.swift in Sources */,
				DBDE05602344937C00B461C1 /* AppDelegate.swift in Sources */,
				DBDE05A02344946600B461C1 /* AlamofireAppManager.swift in Sources */,
				DBD38B1223580B6200E74A10 /* ServiceHelper.swift in Sources */,
				DB6166502354159B009D48D4 /* String+Extension.swift in Sources */,
				DBBF851B23506A01002597CF /* PlaceRouter.swift in Sources */,
				DB83DE9A23502439004D8F9C /* UVIndexService.swift in Sources */,
				DB8D2B7823449F13009F32A2 /* FiveDayRouter.swift in Sources */,
				DB6D5D8C23458FCA009E4DC3 /* APIkey.swift in Sources */,
				DBBF851C23506A01002597CF /* PlaceService.swift in Sources */,
				DB46576C2345E62100CB91C7 /* HomeViewController.swift in Sources */,
				DB0DE19A234AD2F200930179 /* BaseViewController.swift in Sources */,
				DBBF85342350770E002597CF /* Weather.swift in Sources */,
				DB8D2B7223449DFE009F32A2 /* CurrentWeatherResponse.swift in Sources */,
				DB83DE9E23502475004D8F9C /* UVIndexResponse.swift in Sources */,
				DBDE059E2344946600B461C1 /* CurrentService.swift in Sources */,
				DBDE059F2344946600B461C1 /* ServiceRequest.swift in Sources */,
				DBDE05A42344946600B461C1 /* Router.swift in Sources */,
				DBBF851A23506A01002597CF /* PlaceParams.swift in Sources */,
				DBD38B1523585B0000E74A10 /* TemperatureCollectionViewCell.swift in Sources */,
				DB8D2B7623449F07009F32A2 /* FiveDayService.swift in Sources */,
				DBBF853C23507792002597CF /* MainTemperature.swift in Sources */,
				DB83DE98235023F5004D8F9C /* UVIndexRouter.swift in Sources */,
				DB616654235416DB009D48D4 /* DetailViewController.swift in Sources */,
				DB0DE19F234AD3DE00930179 /* ListCityOfHomeTableViewCell.swift in Sources */,
				DB83DEA8235030FC004D8F9C /* UIColor+Extension.swift in Sources */,
				DBBF851123506613002597CF /* PlaceModel.swift in Sources */,
				DB0DE1AA234AE27800930179 /* Double+Extension.swift in Sources */,
				DB61664C235412EB009D48D4 /* Int+Extension.swift in Sources */,
				DBDE05A52344946600B461C1 /* ServerResponseObject.swift in Sources */,
				DBBF85262350761C002597CF /* Coordinate.swift in Sources */,
				DBBF85382350773E002597CF /* CurrentWeather.swift in Sources */,
				DBBF8522235075E6002597CF /* Cloud.swift in Sources */,
				DBA73AAD2355A3F800E036BD /* BannerTableViewCell.swift in Sources */,
				DB0DE1A6234AE27800930179 /* UIView+Extension.swift in Sources */,
				DBDE055E2344937C00B461C1 /* Constant.swift in Sources */,
				DBA73AB82355A56000E036BD /* FiveDayTableViewCell.swift in Sources */,
				DBDE05A32344946600B461C1 /* RouterUrlConvertible.swift in Sources */,
				DB61664E23541454009D48D4 /* PassData.swift in Sources */,
				DB83DEA02350257E004D8F9C /* TableView+Extension.swift in Sources */,
			);
			runOnlyForDeploymentPostprocessing = 0;
		};
/* End PBXSourcesBuildPhase section */

/* Begin PBXVariantGroup section */
		DBDE053B2344937C00B461C1 /* LaunchScreen.storyboard */ = {
			isa = PBXVariantGroup;
			children = (
				DBDE053C2344937C00B461C1 /* Base */,
			);
			name = LaunchScreen.storyboard;
			sourceTree = "<group>";
		};
		DBDE057D2344946600B461C1 /* Main.storyboard */ = {
			isa = PBXVariantGroup;
			children = (
				DBDE057E2344946600B461C1 /* Base */,
			);
			name = Main.storyboard;
			sourceTree = "<group>";
		};
/* End PBXVariantGroup section */

/* Begin XCBuildConfiguration section */
		DB3197482341D73200FB0F68 /* Debug */ = {
			isa = XCBuildConfiguration;
			buildSettings = {
				ALWAYS_SEARCH_USER_PATHS = NO;
				CLANG_ANALYZER_NONNULL = YES;
				CLANG_ANALYZER_NUMBER_OBJECT_CONVERSION = YES_AGGRESSIVE;
				CLANG_CXX_LANGUAGE_STANDARD = "gnu++14";
				CLANG_CXX_LIBRARY = "libc++";
				CLANG_ENABLE_MODULES = YES;
				CLANG_ENABLE_OBJC_ARC = YES;
				CLANG_ENABLE_OBJC_WEAK = YES;
				CLANG_WARN_BLOCK_CAPTURE_AUTORELEASING = YES;
				CLANG_WARN_BOOL_CONVERSION = YES;
				CLANG_WARN_COMMA = YES;
				CLANG_WARN_CONSTANT_CONVERSION = YES;
				CLANG_WARN_DEPRECATED_OBJC_IMPLEMENTATIONS = YES;
				CLANG_WARN_DIRECT_OBJC_ISA_USAGE = YES_ERROR;
				CLANG_WARN_DOCUMENTATION_COMMENTS = YES;
				CLANG_WARN_EMPTY_BODY = YES;
				CLANG_WARN_ENUM_CONVERSION = YES;
				CLANG_WARN_INFINITE_RECURSION = YES;
				CLANG_WARN_INT_CONVERSION = YES;
				CLANG_WARN_NON_LITERAL_NULL_CONVERSION = YES;
				CLANG_WARN_OBJC_IMPLICIT_RETAIN_SELF = YES;
				CLANG_WARN_OBJC_LITERAL_CONVERSION = YES;
				CLANG_WARN_OBJC_ROOT_CLASS = YES_ERROR;
				CLANG_WARN_RANGE_LOOP_ANALYSIS = YES;
				CLANG_WARN_STRICT_PROTOTYPES = YES;
				CLANG_WARN_SUSPICIOUS_MOVE = YES;
				CLANG_WARN_UNGUARDED_AVAILABILITY = YES_AGGRESSIVE;
				CLANG_WARN_UNREACHABLE_CODE = YES;
				CLANG_WARN__DUPLICATE_METHOD_MATCH = YES;
				CODE_SIGN_IDENTITY = "iPhone Developer";
				COPY_PHASE_STRIP = NO;
				DEBUG_INFORMATION_FORMAT = dwarf;
				ENABLE_STRICT_OBJC_MSGSEND = YES;
				ENABLE_TESTABILITY = YES;
				GCC_C_LANGUAGE_STANDARD = gnu11;
				GCC_DYNAMIC_NO_PIC = NO;
				GCC_NO_COMMON_BLOCKS = YES;
				GCC_OPTIMIZATION_LEVEL = 0;
				GCC_PREPROCESSOR_DEFINITIONS = (
					"DEBUG=1",
					"$(inherited)",
				);
				GCC_WARN_64_TO_32_BIT_CONVERSION = YES;
				GCC_WARN_ABOUT_RETURN_TYPE = YES_ERROR;
				GCC_WARN_UNDECLARED_SELECTOR = YES;
				GCC_WARN_UNINITIALIZED_AUTOS = YES_AGGRESSIVE;
				GCC_WARN_UNUSED_FUNCTION = YES;
				GCC_WARN_UNUSED_VARIABLE = YES;
				IPHONEOS_DEPLOYMENT_TARGET = 12.4;
				MTL_ENABLE_DEBUG_INFO = INCLUDE_SOURCE;
				MTL_FAST_MATH = YES;
				ONLY_ACTIVE_ARCH = YES;
				SDKROOT = iphoneos;
				SWIFT_ACTIVE_COMPILATION_CONDITIONS = DEBUG;
				SWIFT_OPTIMIZATION_LEVEL = "-Onone";
			};
			name = Debug;
		};
		DB3197492341D73200FB0F68 /* Release */ = {
			isa = XCBuildConfiguration;
			buildSettings = {
				ALWAYS_SEARCH_USER_PATHS = NO;
				CLANG_ANALYZER_NONNULL = YES;
				CLANG_ANALYZER_NUMBER_OBJECT_CONVERSION = YES_AGGRESSIVE;
				CLANG_CXX_LANGUAGE_STANDARD = "gnu++14";
				CLANG_CXX_LIBRARY = "libc++";
				CLANG_ENABLE_MODULES = YES;
				CLANG_ENABLE_OBJC_ARC = YES;
				CLANG_ENABLE_OBJC_WEAK = YES;
				CLANG_WARN_BLOCK_CAPTURE_AUTORELEASING = YES;
				CLANG_WARN_BOOL_CONVERSION = YES;
				CLANG_WARN_COMMA = YES;
				CLANG_WARN_CONSTANT_CONVERSION = YES;
				CLANG_WARN_DEPRECATED_OBJC_IMPLEMENTATIONS = YES;
				CLANG_WARN_DIRECT_OBJC_ISA_USAGE = YES_ERROR;
				CLANG_WARN_DOCUMENTATION_COMMENTS = YES;
				CLANG_WARN_EMPTY_BODY = YES;
				CLANG_WARN_ENUM_CONVERSION = YES;
				CLANG_WARN_INFINITE_RECURSION = YES;
				CLANG_WARN_INT_CONVERSION = YES;
				CLANG_WARN_NON_LITERAL_NULL_CONVERSION = YES;
				CLANG_WARN_OBJC_IMPLICIT_RETAIN_SELF = YES;
				CLANG_WARN_OBJC_LITERAL_CONVERSION = YES;
				CLANG_WARN_OBJC_ROOT_CLASS = YES_ERROR;
				CLANG_WARN_RANGE_LOOP_ANALYSIS = YES;
				CLANG_WARN_STRICT_PROTOTYPES = YES;
				CLANG_WARN_SUSPICIOUS_MOVE = YES;
				CLANG_WARN_UNGUARDED_AVAILABILITY = YES_AGGRESSIVE;
				CLANG_WARN_UNREACHABLE_CODE = YES;
				CLANG_WARN__DUPLICATE_METHOD_MATCH = YES;
				CODE_SIGN_IDENTITY = "iPhone Developer";
				COPY_PHASE_STRIP = NO;
				DEBUG_INFORMATION_FORMAT = "dwarf-with-dsym";
				ENABLE_NS_ASSERTIONS = NO;
				ENABLE_STRICT_OBJC_MSGSEND = YES;
				GCC_C_LANGUAGE_STANDARD = gnu11;
				GCC_NO_COMMON_BLOCKS = YES;
				GCC_WARN_64_TO_32_BIT_CONVERSION = YES;
				GCC_WARN_ABOUT_RETURN_TYPE = YES_ERROR;
				GCC_WARN_UNDECLARED_SELECTOR = YES;
				GCC_WARN_UNINITIALIZED_AUTOS = YES_AGGRESSIVE;
				GCC_WARN_UNUSED_FUNCTION = YES;
				GCC_WARN_UNUSED_VARIABLE = YES;
				IPHONEOS_DEPLOYMENT_TARGET = 12.4;
				MTL_ENABLE_DEBUG_INFO = NO;
				MTL_FAST_MATH = YES;
				SDKROOT = iphoneos;
				SWIFT_COMPILATION_MODE = wholemodule;
				SWIFT_OPTIMIZATION_LEVEL = "-O";
				VALIDATE_PRODUCT = YES;
			};
			name = Release;
		};
		DB31974B2341D73200FB0F68 /* Debug */ = {
			isa = XCBuildConfiguration;
			baseConfigurationReference = 368E8F8B6AD71F7D48BD2645 /* Pods-WeatherForcast.debug.xcconfig */;
			buildSettings = {
				ASSETCATALOG_COMPILER_APPICON_NAME = AppIcon;
				CODE_SIGN_STYLE = Automatic;
				INFOPLIST_FILE = "$(SRCROOT)/WeatherForcast/Application/Info.plist";
				LD_RUNPATH_SEARCH_PATHS = (
					"$(inherited)",
					"@executable_path/Frameworks",
				);
				PRODUCT_BUNDLE_IDENTIFIER = Sun.WeatherForcast;
				PRODUCT_NAME = "$(TARGET_NAME)";
				SWIFT_VERSION = 5.0;
				TARGETED_DEVICE_FAMILY = "1,2";
			};
			name = Debug;
		};
		DB31974C2341D73200FB0F68 /* Release */ = {
			isa = XCBuildConfiguration;
			baseConfigurationReference = 37D052D7096C8201C5975962 /* Pods-WeatherForcast.release.xcconfig */;
			buildSettings = {
				ASSETCATALOG_COMPILER_APPICON_NAME = AppIcon;
				CODE_SIGN_STYLE = Automatic;
				INFOPLIST_FILE = "$(SRCROOT)/WeatherForcast/Application/Info.plist";
				LD_RUNPATH_SEARCH_PATHS = (
					"$(inherited)",
					"@executable_path/Frameworks",
				);
				PRODUCT_BUNDLE_IDENTIFIER = Sun.WeatherForcast;
				PRODUCT_NAME = "$(TARGET_NAME)";
				SWIFT_VERSION = 5.0;
				TARGETED_DEVICE_FAMILY = "1,2";
			};
			name = Release;
		};
/* End XCBuildConfiguration section */

/* Begin XCConfigurationList section */
		DB3197332341D73000FB0F68 /* Build configuration list for PBXProject "WeatherForcast" */ = {
			isa = XCConfigurationList;
			buildConfigurations = (
				DB3197482341D73200FB0F68 /* Debug */,
				DB3197492341D73200FB0F68 /* Release */,
			);
			defaultConfigurationIsVisible = 0;
			defaultConfigurationName = Release;
		};
		DB31974A2341D73200FB0F68 /* Build configuration list for PBXNativeTarget "WeatherForcast" */ = {
			isa = XCConfigurationList;
			buildConfigurations = (
				DB31974B2341D73200FB0F68 /* Debug */,
				DB31974C2341D73200FB0F68 /* Release */,
			);
			defaultConfigurationIsVisible = 0;
			defaultConfigurationName = Release;
		};
/* End XCConfigurationList section */
	};
	rootObject = DB3197302341D73000FB0F68 /* Project object */;
}
