// !$*UTF8*$!
{
	archiveVersion = 1;
	classes = {
	};
	objectVersion = 50;
	objects = {

/* Begin PBXBuildFile section */
		524F45385834A3BEDDB94326 /* Pods_WeatherForcast.framework in Frameworks */ = {isa = PBXBuildFile; fileRef = D225E539FD71BBA828237A05 /* Pods_WeatherForcast.framework */; };
		DB27F6B62344984000F2147B /* CurrentWeatherParams.swift in Sources */ = {isa = PBXBuildFile; fileRef = DB27F6B52344984000F2147B /* CurrentWeatherParams.swift */; };
		DB6D5D8C23458FCA009E4DC3 /* APIkey.swift in Sources */ = {isa = PBXBuildFile; fileRef = DB6D5D8B23458FCA009E4DC3 /* APIkey.swift */; };
		DB8D2B7223449DFE009F32A2 /* CurrentWeatherResponse.swift in Sources */ = {isa = PBXBuildFile; fileRef = DB8D2B7123449DFE009F32A2 /* CurrentWeatherResponse.swift */; };
		DB8D2B7423449EDE009F32A2 /* FiveDayParams.swift in Sources */ = {isa = PBXBuildFile; fileRef = DB8D2B7323449EDE009F32A2 /* FiveDayParams.swift */; };
		DB8D2B7623449F07009F32A2 /* FiveDayService.swift in Sources */ = {isa = PBXBuildFile; fileRef = DB8D2B7523449F07009F32A2 /* FiveDayService.swift */; };
		DB8D2B7823449F13009F32A2 /* FiveDayRouter.swift in Sources */ = {isa = PBXBuildFile; fileRef = DB8D2B7723449F13009F32A2 /* FiveDayRouter.swift */; };
		DB8D2B7A23449F21009F32A2 /* FiveDayResponse.swift in Sources */ = {isa = PBXBuildFile; fileRef = DB8D2B7923449F21009F32A2 /* FiveDayResponse.swift */; };
		DB8D2B7C2344A094009F32A2 /* UVindexParams.swift in Sources */ = {isa = PBXBuildFile; fileRef = DB8D2B7B2344A094009F32A2 /* UVindexParams.swift */; };
		DB8D2B7E2344A0B0009F32A2 /* UVindexRouter.swift in Sources */ = {isa = PBXBuildFile; fileRef = DB8D2B7D2344A0B0009F32A2 /* UVindexRouter.swift */; };
		DB8D2B802344A475009F32A2 /* UVindexResponse.swift in Sources */ = {isa = PBXBuildFile; fileRef = DB8D2B7F2344A475009F32A2 /* UVindexResponse.swift */; };
		DB8D2B822344A4BB009F32A2 /* UVindexService.swift in Sources */ = {isa = PBXBuildFile; fileRef = DB8D2B812344A4BB009F32A2 /* UVindexService.swift */; };
		DB8D2B842344A578009F32A2 /* AirPolutionParams.swift in Sources */ = {isa = PBXBuildFile; fileRef = DB8D2B832344A578009F32A2 /* AirPolutionParams.swift */; };
		DB8D2B862344A582009F32A2 /* AirPolutionRouter.swift in Sources */ = {isa = PBXBuildFile; fileRef = DB8D2B852344A582009F32A2 /* AirPolutionRouter.swift */; };
		DB8D2B882344A58C009F32A2 /* AirPolutionService.swift in Sources */ = {isa = PBXBuildFile; fileRef = DB8D2B872344A58C009F32A2 /* AirPolutionService.swift */; };
		DB8D2B8A2344A5A5009F32A2 /* AirPolutionResponse.swift in Sources */ = {isa = PBXBuildFile; fileRef = DB8D2B892344A5A5009F32A2 /* AirPolutionResponse.swift */; };
		DBDE055D2344937C00B461C1 /* Assets.xcassets in Resources */ = {isa = PBXBuildFile; fileRef = DBDE05372344937C00B461C1 /* Assets.xcassets */; };
		DBDE055E2344937C00B461C1 /* Constant.swift in Sources */ = {isa = PBXBuildFile; fileRef = DBDE05392344937C00B461C1 /* Constant.swift */; };
		DBDE055F2344937C00B461C1 /* LaunchScreen.storyboard in Resources */ = {isa = PBXBuildFile; fileRef = DBDE053B2344937C00B461C1 /* LaunchScreen.storyboard */; };
		DBDE05602344937C00B461C1 /* AppDelegate.swift in Sources */ = {isa = PBXBuildFile; fileRef = DBDE053D2344937C00B461C1 /* AppDelegate.swift */; };
		DBDE05622344937C00B461C1 /* Main.storyboard in Resources */ = {isa = PBXBuildFile; fileRef = DBDE05422344937C00B461C1 /* Main.storyboard */; };
		DBDE05642344937C00B461C1 /* CurrentRouter.swift in Sources */ = {isa = PBXBuildFile; fileRef = DBDE054A2344937C00B461C1 /* CurrentRouter.swift */; };
		DBDE05652344937C00B461C1 /* CurrentService.swift in Sources */ = {isa = PBXBuildFile; fileRef = DBDE054B2344937C00B461C1 /* CurrentService.swift */; };
		DBDE05662344937C00B461C1 /* ServiceRequest.swift in Sources */ = {isa = PBXBuildFile; fileRef = DBDE054D2344937C00B461C1 /* ServiceRequest.swift */; };
		DBDE05672344937C00B461C1 /* AlamofireAppManager.swift in Sources */ = {isa = PBXBuildFile; fileRef = DBDE054E2344937C00B461C1 /* AlamofireAppManager.swift */; };
		DBDE05682344937C00B461C1 /* RequestParameterObject.swift in Sources */ = {isa = PBXBuildFile; fileRef = DBDE05502344937C00B461C1 /* RequestParameterObject.swift */; };
		DBDE05692344937C00B461C1 /* CoreObject.swift in Sources */ = {isa = PBXBuildFile; fileRef = DBDE05512344937C00B461C1 /* CoreObject.swift */; };
		DBDE056A2344937C00B461C1 /* RouterUrlConvertible.swift in Sources */ = {isa = PBXBuildFile; fileRef = DBDE05522344937C00B461C1 /* RouterUrlConvertible.swift */; };
		DBDE056B2344937C00B461C1 /* Router.swift in Sources */ = {isa = PBXBuildFile; fileRef = DBDE05532344937C00B461C1 /* Router.swift */; };
		DBDE056C2344937C00B461C1 /* ServerResponseObject.swift in Sources */ = {isa = PBXBuildFile; fileRef = DBDE05542344937C00B461C1 /* ServerResponseObject.swift */; };
		DBDE056D2344937C00B461C1 /* Route.swift in Sources */ = {isa = PBXBuildFile; fileRef = DBDE05552344937C00B461C1 /* Route.swift */; };
		DBDE056E2344937C00B461C1 /* WindModel.swift in Sources */ = {isa = PBXBuildFile; fileRef = DBDE05572344937C00B461C1 /* WindModel.swift */; };
		DBDE056F2344937C00B461C1 /* CoordModel.swift in Sources */ = {isa = PBXBuildFile; fileRef = DBDE05582344937C00B461C1 /* CoordModel.swift */; };
		DBDE05702344937C00B461C1 /* WeatherModel.swift in Sources */ = {isa = PBXBuildFile; fileRef = DBDE05592344937C00B461C1 /* WeatherModel.swift */; };
		DBDE05712344937C00B461C1 /* CloudModel.swift in Sources */ = {isa = PBXBuildFile; fileRef = DBDE055A2344937C00B461C1 /* CloudModel.swift */; };
		DBDE05722344937C00B461C1 /* MainTempModel.swift in Sources */ = {isa = PBXBuildFile; fileRef = DBDE055B2344937C00B461C1 /* MainTempModel.swift */; };
		DBDE05732344937C00B461C1 /* SysModel.swift in Sources */ = {isa = PBXBuildFile; fileRef = DBDE055C2344937C00B461C1 /* SysModel.swift */; };
		DBDE059B2344946600B461C1 /* Main.storyboard in Resources */ = {isa = PBXBuildFile; fileRef = DBDE057D2344946600B461C1 /* Main.storyboard */; };
		DBDE059D2344946600B461C1 /* CurrentRouter.swift in Sources */ = {isa = PBXBuildFile; fileRef = DBDE05852344946600B461C1 /* CurrentRouter.swift */; };
		DBDE059E2344946600B461C1 /* CurrentService.swift in Sources */ = {isa = PBXBuildFile; fileRef = DBDE05862344946600B461C1 /* CurrentService.swift */; };
		DBDE059F2344946600B461C1 /* ServiceRequest.swift in Sources */ = {isa = PBXBuildFile; fileRef = DBDE05882344946600B461C1 /* ServiceRequest.swift */; };
		DBDE05A02344946600B461C1 /* AlamofireAppManager.swift in Sources */ = {isa = PBXBuildFile; fileRef = DBDE05892344946600B461C1 /* AlamofireAppManager.swift */; };
		DBDE05A12344946600B461C1 /* RequestParameterObject.swift in Sources */ = {isa = PBXBuildFile; fileRef = DBDE058B2344946600B461C1 /* RequestParameterObject.swift */; };
		DBDE05A22344946600B461C1 /* CoreObject.swift in Sources */ = {isa = PBXBuildFile; fileRef = DBDE058C2344946600B461C1 /* CoreObject.swift */; };
		DBDE05A32344946600B461C1 /* RouterUrlConvertible.swift in Sources */ = {isa = PBXBuildFile; fileRef = DBDE058D2344946600B461C1 /* RouterUrlConvertible.swift */; };
		DBDE05A42344946600B461C1 /* Router.swift in Sources */ = {isa = PBXBuildFile; fileRef = DBDE058E2344946600B461C1 /* Router.swift */; };
		DBDE05A52344946600B461C1 /* ServerResponseObject.swift in Sources */ = {isa = PBXBuildFile; fileRef = DBDE058F2344946600B461C1 /* ServerResponseObject.swift */; };
		DBDE05A62344946600B461C1 /* Route.swift in Sources */ = {isa = PBXBuildFile; fileRef = DBDE05902344946600B461C1 /* Route.swift */; };
		DBDE05A72344946600B461C1 /* WindModel.swift in Sources */ = {isa = PBXBuildFile; fileRef = DBDE05922344946600B461C1 /* WindModel.swift */; };
		DBDE05A82344946600B461C1 /* CoordModel.swift in Sources */ = {isa = PBXBuildFile; fileRef = DBDE05932344946600B461C1 /* CoordModel.swift */; };
		DBDE05A92344946600B461C1 /* WeatherModel.swift in Sources */ = {isa = PBXBuildFile; fileRef = DBDE05942344946600B461C1 /* WeatherModel.swift */; };
		DBDE05AA2344946600B461C1 /* CloudModel.swift in Sources */ = {isa = PBXBuildFile; fileRef = DBDE05952344946600B461C1 /* CloudModel.swift */; };
		DBDE05AB2344946600B461C1 /* MainTempModel.swift in Sources */ = {isa = PBXBuildFile; fileRef = DBDE05962344946600B461C1 /* MainTempModel.swift */; };
		DBDE05AC2344946600B461C1 /* SysModel.swift in Sources */ = {isa = PBXBuildFile; fileRef = DBDE05972344946600B461C1 /* SysModel.swift */; };
/* End PBXBuildFile section */

/* Begin PBXFileReference section */
		368E8F8B6AD71F7D48BD2645 /* Pods-WeatherForcast.debug.xcconfig */ = {isa = PBXFileReference; includeInIndex = 1; lastKnownFileType = text.xcconfig; name = "Pods-WeatherForcast.debug.xcconfig"; path = "Pods/Target Support Files/Pods-WeatherForcast/Pods-WeatherForcast.debug.xcconfig"; sourceTree = "<group>"; };
		37D052D7096C8201C5975962 /* Pods-WeatherForcast.release.xcconfig */ = {isa = PBXFileReference; includeInIndex = 1; lastKnownFileType = text.xcconfig; name = "Pods-WeatherForcast.release.xcconfig"; path = "Pods/Target Support Files/Pods-WeatherForcast/Pods-WeatherForcast.release.xcconfig"; sourceTree = "<group>"; };
		D225E539FD71BBA828237A05 /* Pods_WeatherForcast.framework */ = {isa = PBXFileReference; explicitFileType = wrapper.framework; includeInIndex = 0; path = Pods_WeatherForcast.framework; sourceTree = BUILT_PRODUCTS_DIR; };
		DB27F6B52344984000F2147B /* CurrentWeatherParams.swift */ = {isa = PBXFileReference; lastKnownFileType = sourcecode.swift; path = CurrentWeatherParams.swift; sourceTree = "<group>"; };
		DB3197382341D73000FB0F68 /* WeatherForcast.app */ = {isa = PBXFileReference; explicitFileType = wrapper.application; includeInIndex = 0; path = WeatherForcast.app; sourceTree = BUILT_PRODUCTS_DIR; };
		DB6D5D8B23458FCA009E4DC3 /* APIkey.swift */ = {isa = PBXFileReference; lastKnownFileType = sourcecode.swift; path = APIkey.swift; sourceTree = "<group>"; };
		DB8D2B7123449DFE009F32A2 /* CurrentWeatherResponse.swift */ = {isa = PBXFileReference; lastKnownFileType = sourcecode.swift; path = CurrentWeatherResponse.swift; sourceTree = "<group>"; };
		DB8D2B7323449EDE009F32A2 /* FiveDayParams.swift */ = {isa = PBXFileReference; lastKnownFileType = sourcecode.swift; path = FiveDayParams.swift; sourceTree = "<group>"; };
		DB8D2B7523449F07009F32A2 /* FiveDayService.swift */ = {isa = PBXFileReference; lastKnownFileType = sourcecode.swift; path = FiveDayService.swift; sourceTree = "<group>"; };
		DB8D2B7723449F13009F32A2 /* FiveDayRouter.swift */ = {isa = PBXFileReference; lastKnownFileType = sourcecode.swift; path = FiveDayRouter.swift; sourceTree = "<group>"; };
		DB8D2B7923449F21009F32A2 /* FiveDayResponse.swift */ = {isa = PBXFileReference; lastKnownFileType = sourcecode.swift; path = FiveDayResponse.swift; sourceTree = "<group>"; };
		DB8D2B7B2344A094009F32A2 /* UVindexParams.swift */ = {isa = PBXFileReference; lastKnownFileType = sourcecode.swift; path = UVindexParams.swift; sourceTree = "<group>"; };
		DB8D2B7D2344A0B0009F32A2 /* UVindexRouter.swift */ = {isa = PBXFileReference; lastKnownFileType = sourcecode.swift; path = UVindexRouter.swift; sourceTree = "<group>"; };
		DB8D2B7F2344A475009F32A2 /* UVindexResponse.swift */ = {isa = PBXFileReference; lastKnownFileType = sourcecode.swift; path = UVindexResponse.swift; sourceTree = "<group>"; };
		DB8D2B812344A4BB009F32A2 /* UVindexService.swift */ = {isa = PBXFileReference; lastKnownFileType = sourcecode.swift; path = UVindexService.swift; sourceTree = "<group>"; };
		DB8D2B832344A578009F32A2 /* AirPolutionParams.swift */ = {isa = PBXFileReference; lastKnownFileType = sourcecode.swift; path = AirPolutionParams.swift; sourceTree = "<group>"; };
		DB8D2B852344A582009F32A2 /* AirPolutionRouter.swift */ = {isa = PBXFileReference; lastKnownFileType = sourcecode.swift; path = AirPolutionRouter.swift; sourceTree = "<group>"; };
		DB8D2B872344A58C009F32A2 /* AirPolutionService.swift */ = {isa = PBXFileReference; lastKnownFileType = sourcecode.swift; path = AirPolutionService.swift; sourceTree = "<group>"; };
		DB8D2B892344A5A5009F32A2 /* AirPolutionResponse.swift */ = {isa = PBXFileReference; lastKnownFileType = sourcecode.swift; path = AirPolutionResponse.swift; sourceTree = "<group>"; };
		DBDE05372344937C00B461C1 /* Assets.xcassets */ = {isa = PBXFileReference; lastKnownFileType = folder.assetcatalog; path = Assets.xcassets; sourceTree = "<group>"; };
		DBDE05392344937C00B461C1 /* Constant.swift */ = {isa = PBXFileReference; fileEncoding = 4; lastKnownFileType = sourcecode.swift; path = Constant.swift; sourceTree = "<group>"; };
		DBDE053C2344937C00B461C1 /* Base */ = {isa = PBXFileReference; lastKnownFileType = file.storyboard; name = Base; path = Base.lproj/LaunchScreen.storyboard; sourceTree = "<group>"; };
		DBDE053D2344937C00B461C1 /* AppDelegate.swift */ = {isa = PBXFileReference; fileEncoding = 4; lastKnownFileType = sourcecode.swift; path = AppDelegate.swift; sourceTree = "<group>"; };
		DBDE053E2344937C00B461C1 /* Info.plist */ = {isa = PBXFileReference; fileEncoding = 4; lastKnownFileType = text.plist.xml; path = Info.plist; sourceTree = "<group>"; };
		DBDE05432344937C00B461C1 /* Base */ = {isa = PBXFileReference; lastKnownFileType = file.storyboard; name = Base; path = Base.lproj/Main.storyboard; sourceTree = "<group>"; };
		DBDE05472344937C00B461C1 /* CurrentWeatherResponse.swift */ = {isa = PBXFileReference; fileEncoding = 4; lastKnownFileType = sourcecode.swift; path = CurrentWeatherResponse.swift; sourceTree = "<group>"; };
		DBDE054A2344937C00B461C1 /* CurrentRouter.swift */ = {isa = PBXFileReference; fileEncoding = 4; lastKnownFileType = sourcecode.swift; path = CurrentRouter.swift; sourceTree = "<group>"; };
		DBDE054B2344937C00B461C1 /* CurrentService.swift */ = {isa = PBXFileReference; fileEncoding = 4; lastKnownFileType = sourcecode.swift; path = CurrentService.swift; sourceTree = "<group>"; };
		DBDE054D2344937C00B461C1 /* ServiceRequest.swift */ = {isa = PBXFileReference; fileEncoding = 4; lastKnownFileType = sourcecode.swift; path = ServiceRequest.swift; sourceTree = "<group>"; };
		DBDE054E2344937C00B461C1 /* AlamofireAppManager.swift */ = {isa = PBXFileReference; fileEncoding = 4; lastKnownFileType = sourcecode.swift; path = AlamofireAppManager.swift; sourceTree = "<group>"; };
		DBDE05502344937C00B461C1 /* RequestParameterObject.swift */ = {isa = PBXFileReference; fileEncoding = 4; lastKnownFileType = sourcecode.swift; path = RequestParameterObject.swift; sourceTree = "<group>"; };
		DBDE05512344937C00B461C1 /* CoreObject.swift */ = {isa = PBXFileReference; fileEncoding = 4; lastKnownFileType = sourcecode.swift; path = CoreObject.swift; sourceTree = "<group>"; };
		DBDE05522344937C00B461C1 /* RouterUrlConvertible.swift */ = {isa = PBXFileReference; fileEncoding = 4; lastKnownFileType = sourcecode.swift; path = RouterUrlConvertible.swift; sourceTree = "<group>"; };
		DBDE05532344937C00B461C1 /* Router.swift */ = {isa = PBXFileReference; fileEncoding = 4; lastKnownFileType = sourcecode.swift; path = Router.swift; sourceTree = "<group>"; };
		DBDE05542344937C00B461C1 /* ServerResponseObject.swift */ = {isa = PBXFileReference; fileEncoding = 4; lastKnownFileType = sourcecode.swift; path = ServerResponseObject.swift; sourceTree = "<group>"; };
		DBDE05552344937C00B461C1 /* Route.swift */ = {isa = PBXFileReference; fileEncoding = 4; lastKnownFileType = sourcecode.swift; path = Route.swift; sourceTree = "<group>"; };
		DBDE05572344937C00B461C1 /* WindModel.swift */ = {isa = PBXFileReference; fileEncoding = 4; lastKnownFileType = sourcecode.swift; path = WindModel.swift; sourceTree = "<group>"; };
		DBDE05582344937C00B461C1 /* CoordModel.swift */ = {isa = PBXFileReference; fileEncoding = 4; lastKnownFileType = sourcecode.swift; path = CoordModel.swift; sourceTree = "<group>"; };
		DBDE05592344937C00B461C1 /* WeatherModel.swift */ = {isa = PBXFileReference; fileEncoding = 4; lastKnownFileType = sourcecode.swift; path = WeatherModel.swift; sourceTree = "<group>"; };
		DBDE055A2344937C00B461C1 /* CloudModel.swift */ = {isa = PBXFileReference; fileEncoding = 4; lastKnownFileType = sourcecode.swift; path = CloudModel.swift; sourceTree = "<group>"; };
		DBDE055B2344937C00B461C1 /* MainTempModel.swift */ = {isa = PBXFileReference; fileEncoding = 4; lastKnownFileType = sourcecode.swift; path = MainTempModel.swift; sourceTree = "<group>"; };
		DBDE055C2344937C00B461C1 /* SysModel.swift */ = {isa = PBXFileReference; fileEncoding = 4; lastKnownFileType = sourcecode.swift; path = SysModel.swift; sourceTree = "<group>"; };
		DBDE057E2344946600B461C1 /* Base */ = {isa = PBXFileReference; lastKnownFileType = file.storyboard; name = Base; path = Base.lproj/Main.storyboard; sourceTree = "<group>"; };
		DBDE05852344946600B461C1 /* CurrentRouter.swift */ = {isa = PBXFileReference; fileEncoding = 4; lastKnownFileType = sourcecode.swift; path = CurrentRouter.swift; sourceTree = "<group>"; };
		DBDE05862344946600B461C1 /* CurrentService.swift */ = {isa = PBXFileReference; fileEncoding = 4; lastKnownFileType = sourcecode.swift; path = CurrentService.swift; sourceTree = "<group>"; };
		DBDE05882344946600B461C1 /* ServiceRequest.swift */ = {isa = PBXFileReference; fileEncoding = 4; lastKnownFileType = sourcecode.swift; path = ServiceRequest.swift; sourceTree = "<group>"; };
		DBDE05892344946600B461C1 /* AlamofireAppManager.swift */ = {isa = PBXFileReference; fileEncoding = 4; lastKnownFileType = sourcecode.swift; path = AlamofireAppManager.swift; sourceTree = "<group>"; };
		DBDE058B2344946600B461C1 /* RequestParameterObject.swift */ = {isa = PBXFileReference; fileEncoding = 4; lastKnownFileType = sourcecode.swift; path = RequestParameterObject.swift; sourceTree = "<group>"; };
		DBDE058C2344946600B461C1 /* CoreObject.swift */ = {isa = PBXFileReference; fileEncoding = 4; lastKnownFileType = sourcecode.swift; path = CoreObject.swift; sourceTree = "<group>"; };
		DBDE058D2344946600B461C1 /* RouterUrlConvertible.swift */ = {isa = PBXFileReference; fileEncoding = 4; lastKnownFileType = sourcecode.swift; path = RouterUrlConvertible.swift; sourceTree = "<group>"; };
		DBDE058E2344946600B461C1 /* Router.swift */ = {isa = PBXFileReference; fileEncoding = 4; lastKnownFileType = sourcecode.swift; path = Router.swift; sourceTree = "<group>"; };
		DBDE058F2344946600B461C1 /* ServerResponseObject.swift */ = {isa = PBXFileReference; fileEncoding = 4; lastKnownFileType = sourcecode.swift; path = ServerResponseObject.swift; sourceTree = "<group>"; };
		DBDE05902344946600B461C1 /* Route.swift */ = {isa = PBXFileReference; fileEncoding = 4; lastKnownFileType = sourcecode.swift; path = Route.swift; sourceTree = "<group>"; };
		DBDE05922344946600B461C1 /* WindModel.swift */ = {isa = PBXFileReference; fileEncoding = 4; lastKnownFileType = sourcecode.swift; path = WindModel.swift; sourceTree = "<group>"; };
		DBDE05932344946600B461C1 /* CoordModel.swift */ = {isa = PBXFileReference; fileEncoding = 4; lastKnownFileType = sourcecode.swift; path = CoordModel.swift; sourceTree = "<group>"; };
		DBDE05942344946600B461C1 /* WeatherModel.swift */ = {isa = PBXFileReference; fileEncoding = 4; lastKnownFileType = sourcecode.swift; path = WeatherModel.swift; sourceTree = "<group>"; };
		DBDE05952344946600B461C1 /* CloudModel.swift */ = {isa = PBXFileReference; fileEncoding = 4; lastKnownFileType = sourcecode.swift; path = CloudModel.swift; sourceTree = "<group>"; };
		DBDE05962344946600B461C1 /* MainTempModel.swift */ = {isa = PBXFileReference; fileEncoding = 4; lastKnownFileType = sourcecode.swift; path = MainTempModel.swift; sourceTree = "<group>"; };
		DBDE05972344946600B461C1 /* SysModel.swift */ = {isa = PBXFileReference; fileEncoding = 4; lastKnownFileType = sourcecode.swift; path = SysModel.swift; sourceTree = "<group>"; };
/* End PBXFileReference section */

/* Begin PBXFrameworksBuildPhase section */
		DB3197352341D73000FB0F68 /* Frameworks */ = {
			isa = PBXFrameworksBuildPhase;
			buildActionMask = 2147483647;
			files = (
				524F45385834A3BEDDB94326 /* Pods_WeatherForcast.framework in Frameworks */,
			);
			runOnlyForDeploymentPostprocessing = 0;
		};
/* End PBXFrameworksBuildPhase section */

/* Begin PBXGroup section */
		97E5BC3120AC65EEC9BE7801 /* Pods */ = {
			isa = PBXGroup;
			children = (
				368E8F8B6AD71F7D48BD2645 /* Pods-WeatherForcast.debug.xcconfig */,
				37D052D7096C8201C5975962 /* Pods-WeatherForcast.release.xcconfig */,
			);
			name = Pods;
			sourceTree = "<group>";
		};
		B53F136EF3EBFD21F7236405 /* Frameworks */ = {
			isa = PBXGroup;
			children = (
				D225E539FD71BBA828237A05 /* Pods_WeatherForcast.framework */,
			);
			name = Frameworks;
			sourceTree = "<group>";
		};
		DB27F6B72344984D00F2147B /* FiveDayApi */ = {
			isa = PBXGroup;
			children = (
				DB8D2B7323449EDE009F32A2 /* FiveDayParams.swift */,
				DB8D2B7523449F07009F32A2 /* FiveDayService.swift */,
				DB8D2B7723449F13009F32A2 /* FiveDayRouter.swift */,
			);
			path = FiveDayApi;
			sourceTree = "<group>";
		};
		DB27F6B82344985000F2147B /* UVindexApi */ = {
			isa = PBXGroup;
			children = (
				DB8D2B7B2344A094009F32A2 /* UVindexParams.swift */,
				DB8D2B7D2344A0B0009F32A2 /* UVindexRouter.swift */,
				DB8D2B812344A4BB009F32A2 /* UVindexService.swift */,
			);
			path = UVindexApi;
			sourceTree = "<group>";
		};
		DB27F6B92344985300F2147B /* AirPolutionApi */ = {
			isa = PBXGroup;
			children = (
				DB8D2B832344A578009F32A2 /* AirPolutionParams.swift */,
				DB8D2B852344A582009F32A2 /* AirPolutionRouter.swift */,
				DB8D2B872344A58C009F32A2 /* AirPolutionService.swift */,
			);
			path = AirPolutionApi;
			sourceTree = "<group>";
		};
		DB31972F2341D73000FB0F68 = {
			isa = PBXGroup;
			children = (
				DBDE05352344937C00B461C1 /* WeatherForcast */,
				DB3197392341D73000FB0F68 /* Products */,
				97E5BC3120AC65EEC9BE7801 /* Pods */,
				B53F136EF3EBFD21F7236405 /* Frameworks */,
			);
			sourceTree = "<group>";
		};
		DB3197392341D73000FB0F68 /* Products */ = {
			isa = PBXGroup;
			children = (
				DB3197382341D73000FB0F68 /* WeatherForcast.app */,
			);
			name = Products;
			sourceTree = "<group>";
		};
		DBDE05352344937C00B461C1 /* WeatherForcast */ = {
			isa = PBXGroup;
			children = (
				DBDE05AE2344949100B461C1 /* Repositories */,
				DBDE05AD2344947B00B461C1 /* Widgets */,
				DBDE057A2344946600B461C1 /* Data */,
				DBDE05792344946600B461C1 /* Extensions */,
				DBDE05362344937C00B461C1 /* Resources */,
				DBDE05382344937C00B461C1 /* Utils */,
				DBDE053A2344937C00B461C1 /* Application */,
				DBDE053F2344937C00B461C1 /* Data */,
			);
			path = WeatherForcast;
			sourceTree = "<group>";
		};
		DBDE05362344937C00B461C1 /* Resources */ = {
			isa = PBXGroup;
			children = (
				DBDE05372344937C00B461C1 /* Assets.xcassets */,
			);
			path = Resources;
			sourceTree = "<group>";
		};
		DBDE05382344937C00B461C1 /* Utils */ = {
			isa = PBXGroup;
			children = (
				DBDE05392344937C00B461C1 /* Constant.swift */,
			);
			path = Utils;
			sourceTree = "<group>";
		};
		DBDE053A2344937C00B461C1 /* Application */ = {
			isa = PBXGroup;
			children = (
				DBDE053B2344937C00B461C1 /* LaunchScreen.storyboard */,
				DBDE053D2344937C00B461C1 /* AppDelegate.swift */,
				DBDE053E2344937C00B461C1 /* Info.plist */,
			);
			path = Application;
			sourceTree = "<group>";
		};
		DBDE053F2344937C00B461C1 /* Data */ = {
			isa = PBXGroup;
			children = (
				DBDE05402344937C00B461C1 /* Source */,
				DBDE05562344937C00B461C1 /* Model */,
			);
			path = Data;
			sourceTree = "<group>";
		};
		DBDE05402344937C00B461C1 /* Source */ = {
			isa = PBXGroup;
			children = (
				DBDE05412344937C00B461C1 /* Local */,
				DBDE05442344937C00B461C1 /* Remote */,
			);
			path = Source;
			sourceTree = "<group>";
		};
		DBDE05412344937C00B461C1 /* Local */ = {
			isa = PBXGroup;
			children = (
				DBDE05422344937C00B461C1 /* Main.storyboard */,
			);
			path = Local;
			sourceTree = "<group>";
		};
		DBDE05442344937C00B461C1 /* Remote */ = {
			isa = PBXGroup;
			children = (
				DBDE05452344937C00B461C1 /* Api */,
				DBDE054C2344937C00B461C1 /* Service */,
			);
			path = Remote;
			sourceTree = "<group>";
		};
		DBDE05452344937C00B461C1 /* Api */ = {
			isa = PBXGroup;
			children = (
				DBDE05462344937C00B461C1 /* Response */,
				DBDE05482344937C00B461C1 /* Request */,
			);
			path = Api;
			sourceTree = "<group>";
		};
		DBDE05462344937C00B461C1 /* Response */ = {
			isa = PBXGroup;
			children = (
				DBDE05472344937C00B461C1 /* CurrentWeatherResponse.swift */,
			);
			path = Response;
			sourceTree = "<group>";
		};
		DBDE05482344937C00B461C1 /* Request */ = {
			isa = PBXGroup;
			children = (
				DBDE05492344937C00B461C1 /* CurrentWeatherApi */,
			);
			path = Request;
			sourceTree = "<group>";
		};
		DBDE05492344937C00B461C1 /* CurrentWeatherApi */ = {
			isa = PBXGroup;
			children = (
				DBDE054A2344937C00B461C1 /* CurrentRouter.swift */,
				DBDE054B2344937C00B461C1 /* CurrentService.swift */,
			);
			path = CurrentWeatherApi;
			sourceTree = "<group>";
		};
		DBDE054C2344937C00B461C1 /* Service */ = {
			isa = PBXGroup;
			children = (
				DBDE054D2344937C00B461C1 /* ServiceRequest.swift */,
				DBDE054E2344937C00B461C1 /* AlamofireAppManager.swift */,
				DBDE054F2344937C00B461C1 /* Protocol */,
				DBDE05522344937C00B461C1 /* RouterUrlConvertible.swift */,
				DBDE05532344937C00B461C1 /* Router.swift */,
				DBDE05542344937C00B461C1 /* ServerResponseObject.swift */,
				DBDE05552344937C00B461C1 /* Route.swift */,
			);
			path = Service;
			sourceTree = "<group>";
		};
		DBDE054F2344937C00B461C1 /* Protocol */ = {
			isa = PBXGroup;
			children = (
				DBDE05502344937C00B461C1 /* RequestParameterObject.swift */,
				DBDE05512344937C00B461C1 /* CoreObject.swift */,
			);
			path = Protocol;
			sourceTree = "<group>";
		};
		DBDE05562344937C00B461C1 /* Model */ = {
			isa = PBXGroup;
			children = (
				DBDE05572344937C00B461C1 /* WindModel.swift */,
				DBDE05582344937C00B461C1 /* CoordModel.swift */,
				DBDE05592344937C00B461C1 /* WeatherModel.swift */,
				DBDE055A2344937C00B461C1 /* CloudModel.swift */,
				DBDE055B2344937C00B461C1 /* MainTempModel.swift */,
				DBDE055C2344937C00B461C1 /* SysModel.swift */,
			);
			path = Model;
			sourceTree = "<group>";
		};
		DBDE05792344946600B461C1 /* Extensions */ = {
			isa = PBXGroup;
			children = (
			);
			path = Extensions;
			sourceTree = "<group>";
		};
		DBDE057A2344946600B461C1 /* Data */ = {
			isa = PBXGroup;
			children = (
				DBDE057B2344946600B461C1 /* Source */,
				DBDE05912344946600B461C1 /* Model */,
				DB6D5D8B23458FCA009E4DC3 /* APIkey.swift */,
			);
			path = Data;
			sourceTree = "<group>";
		};
		DBDE057B2344946600B461C1 /* Source */ = {
			isa = PBXGroup;
			children = (
				DBDE057C2344946600B461C1 /* Local */,
				DBDE057F2344946600B461C1 /* Remote */,
			);
			path = Source;
			sourceTree = "<group>";
		};
		DBDE057C2344946600B461C1 /* Local */ = {
			isa = PBXGroup;
			children = (
				DBDE057D2344946600B461C1 /* Main.storyboard */,
			);
			path = Local;
			sourceTree = "<group>";
		};
		DBDE057F2344946600B461C1 /* Remote */ = {
			isa = PBXGroup;
			children = (
				DBDE05802344946600B461C1 /* Api */,
				DBDE05872344946600B461C1 /* Service */,
			);
			path = Remote;
			sourceTree = "<group>";
		};
		DBDE05802344946600B461C1 /* Api */ = {
			isa = PBXGroup;
			children = (
				DBDE05812344946600B461C1 /* Response */,
				DBDE05832344946600B461C1 /* Request */,
			);
			path = Api;
			sourceTree = "<group>";
		};
		DBDE05812344946600B461C1 /* Response */ = {
			isa = PBXGroup;
			children = (
				DB8D2B7123449DFE009F32A2 /* CurrentWeatherResponse.swift */,
				DB8D2B7923449F21009F32A2 /* FiveDayResponse.swift */,
				DB8D2B7F2344A475009F32A2 /* UVindexResponse.swift */,
				DB8D2B892344A5A5009F32A2 /* AirPolutionResponse.swift */,
			);
			path = Response;
			sourceTree = "<group>";
		};
		DBDE05832344946600B461C1 /* Request */ = {
			isa = PBXGroup;
			children = (
				DB27F6B92344985300F2147B /* AirPolutionApi */,
				DB27F6B82344985000F2147B /* UVindexApi */,
				DB27F6B72344984D00F2147B /* FiveDayApi */,
				DBDE05842344946600B461C1 /* CurrentWeatherApi */,
			);
			path = Request;
			sourceTree = "<group>";
		};
		DBDE05842344946600B461C1 /* CurrentWeatherApi */ = {
			isa = PBXGroup;
			children = (
				DBDE05852344946600B461C1 /* CurrentRouter.swift */,
				DBDE05862344946600B461C1 /* CurrentService.swift */,
				DB27F6B52344984000F2147B /* CurrentWeatherParams.swift */,
			);
			path = CurrentWeatherApi;
			sourceTree = "<group>";
		};
		DBDE05872344946600B461C1 /* Service */ = {
			isa = PBXGroup;
			children = (
				DBDE05882344946600B461C1 /* ServiceRequest.swift */,
				DBDE05892344946600B461C1 /* AlamofireAppManager.swift */,
				DBDE058A2344946600B461C1 /* Protocol */,
				DBDE058D2344946600B461C1 /* RouterUrlConvertible.swift */,
				DBDE058E2344946600B461C1 /* Router.swift */,
				DBDE058F2344946600B461C1 /* ServerResponseObject.swift */,
				DBDE05902344946600B461C1 /* Route.swift */,
			);
			path = Service;
			sourceTree = "<group>";
		};
		DBDE058A2344946600B461C1 /* Protocol */ = {
			isa = PBXGroup;
			children = (
				DBDE058B2344946600B461C1 /* RequestParameterObject.swift */,
				DBDE058C2344946600B461C1 /* CoreObject.swift */,
			);
			path = Protocol;
			sourceTree = "<group>";
		};
		DBDE05912344946600B461C1 /* Model */ = {
			isa = PBXGroup;
			children = (
				DBDE05922344946600B461C1 /* WindModel.swift */,
				DBDE05932344946600B461C1 /* CoordModel.swift */,
				DBDE05942344946600B461C1 /* WeatherModel.swift */,
				DBDE05952344946600B461C1 /* CloudModel.swift */,
				DBDE05962344946600B461C1 /* MainTempModel.swift */,
				DBDE05972344946600B461C1 /* SysModel.swift */,
			);
			path = Model;
			sourceTree = "<group>";
		};
		DBDE05AD2344947B00B461C1 /* Widgets */ = {
			isa = PBXGroup;
			children = (
			);
			path = Widgets;
			sourceTree = "<group>";
		};
		DBDE05AE2344949100B461C1 /* Repositories */ = {
			isa = PBXGroup;
			children = (
			);
			path = Repositories;
			sourceTree = "<group>";
		};
/* End PBXGroup section */

/* Begin PBXNativeTarget section */
		DB3197372341D73000FB0F68 /* WeatherForcast */ = {
			isa = PBXNativeTarget;
			buildConfigurationList = DB31974A2341D73200FB0F68 /* Build configuration list for PBXNativeTarget "WeatherForcast" */;
			buildPhases = (
				2D4C99327A55C3058E0D640D /* [CP] Check Pods Manifest.lock */,
				DB3197342341D73000FB0F68 /* Sources */,
				DB3197352341D73000FB0F68 /* Frameworks */,
				DB3197362341D73000FB0F68 /* Resources */,
				4897704E5AD72E031687AF0F /* [CP] Embed Pods Frameworks */,
			);
			buildRules = (
			);
			dependencies = (
			);
			name = WeatherForcast;
			productName = WeatherForcast;
			productReference = DB3197382341D73000FB0F68 /* WeatherForcast.app */;
			productType = "com.apple.product-type.application";
		};
/* End PBXNativeTarget section */

/* Begin PBXProject section */
		DB3197302341D73000FB0F68 /* Project object */ = {
			isa = PBXProject;
			attributes = {
				LastSwiftUpdateCheck = 1030;
				LastUpgradeCheck = 1030;
				ORGANIZATIONNAME = Sun;
				TargetAttributes = {
					DB3197372341D73000FB0F68 = {
						CreatedOnToolsVersion = 10.3;
					};
				};
			};
			buildConfigurationList = DB3197332341D73000FB0F68 /* Build configuration list for PBXProject "WeatherForcast" */;
			compatibilityVersion = "Xcode 9.3";
			developmentRegion = en;
			hasScannedForEncodings = 0;
			knownRegions = (
				en,
				Base,
			);
			mainGroup = DB31972F2341D73000FB0F68;
			productRefGroup = DB3197392341D73000FB0F68 /* Products */;
			projectDirPath = "";
			projectRoot = "";
			targets = (
				DB3197372341D73000FB0F68 /* WeatherForcast */,
			);
		};
/* End PBXProject section */

/* Begin PBXResourcesBuildPhase section */
		DB3197362341D73000FB0F68 /* Resources */ = {
			isa = PBXResourcesBuildPhase;
			buildActionMask = 2147483647;
			files = (
				DBDE059B2344946600B461C1 /* Main.storyboard in Resources */,
				DBDE055D2344937C00B461C1 /* Assets.xcassets in Resources */,
				DBDE055F2344937C00B461C1 /* LaunchScreen.storyboard in Resources */,
				DBDE05622344937C00B461C1 /* Main.storyboard in Resources */,
			);
			runOnlyForDeploymentPostprocessing = 0;
		};
/* End PBXResourcesBuildPhase section */

/* Begin PBXShellScriptBuildPhase section */
		2D4C99327A55C3058E0D640D /* [CP] Check Pods Manifest.lock */ = {
			isa = PBXShellScriptBuildPhase;
			buildActionMask = 2147483647;
			files = (
			);
			inputFileListPaths = (
			);
			inputPaths = (
				"${PODS_PODFILE_DIR_PATH}/Podfile.lock",
				"${PODS_ROOT}/Manifest.lock",
			);
			name = "[CP] Check Pods Manifest.lock";
			outputFileListPaths = (
			);
			outputPaths = (
				"$(DERIVED_FILE_DIR)/Pods-WeatherForcast-checkManifestLockResult.txt",
			);
			runOnlyForDeploymentPostprocessing = 0;
			shellPath = /bin/sh;
			shellScript = "diff \"${PODS_PODFILE_DIR_PATH}/Podfile.lock\" \"${PODS_ROOT}/Manifest.lock\" > /dev/null\nif [ $? != 0 ] ; then\n    # print error to STDERR\n    echo \"error: The sandbox is not in sync with the Podfile.lock. Run 'pod install' or update your CocoaPods installation.\" >&2\n    exit 1\nfi\n# This output is used by Xcode 'outputs' to avoid re-running this script phase.\necho \"SUCCESS\" > \"${SCRIPT_OUTPUT_FILE_0}\"\n";
			showEnvVarsInLog = 0;
		};
		4897704E5AD72E031687AF0F /* [CP] Embed Pods Frameworks */ = {
			isa = PBXShellScriptBuildPhase;
			buildActionMask = 2147483647;
			files = (
			);
			inputFileListPaths = (
			);
			inputPaths = (
				"${SRCROOT}/Pods/Target Support Files/Pods-WeatherForcast/Pods-WeatherForcast-frameworks.sh",
				"${BUILT_PRODUCTS_DIR}/Alamofire/Alamofire.framework",
				"${BUILT_PRODUCTS_DIR}/IQKeyboardManagerSwift/IQKeyboardManagerSwift.framework",
				"${BUILT_PRODUCTS_DIR}/netfox/netfox.framework",
			);
			name = "[CP] Embed Pods Frameworks";
			outputFileListPaths = (
			);
			outputPaths = (
				"${TARGET_BUILD_DIR}/${FRAMEWORKS_FOLDER_PATH}/Alamofire.framework",
				"${TARGET_BUILD_DIR}/${FRAMEWORKS_FOLDER_PATH}/IQKeyboardManagerSwift.framework",
				"${TARGET_BUILD_DIR}/${FRAMEWORKS_FOLDER_PATH}/netfox.framework",
			);
			runOnlyForDeploymentPostprocessing = 0;
			shellPath = /bin/sh;
			shellScript = "\"${SRCROOT}/Pods/Target Support Files/Pods-WeatherForcast/Pods-WeatherForcast-frameworks.sh\"\n";
			showEnvVarsInLog = 0;
		};
/* End PBXShellScriptBuildPhase section */

/* Begin PBXSourcesBuildPhase section */
		DB3197342341D73000FB0F68 /* Sources */ = {
			isa = PBXSourcesBuildPhase;
			buildActionMask = 2147483647;
			files = (
				DBDE05722344937C00B461C1 /* MainTempModel.swift in Sources */,
				DBDE056B2344937C00B461C1 /* Router.swift in Sources */,
				DBDE05A62344946600B461C1 /* Route.swift in Sources */,
				DBDE05692344937C00B461C1 /* CoreObject.swift in Sources */,
				DB8D2B7E2344A0B0009F32A2 /* UVindexRouter.swift in Sources */,
				DBDE05682344937C00B461C1 /* RequestParameterObject.swift in Sources */,
				DB27F6B62344984000F2147B /* CurrentWeatherParams.swift in Sources */,
				DB8D2B842344A578009F32A2 /* AirPolutionParams.swift in Sources */,
				DBDE059D2344946600B461C1 /* CurrentRouter.swift in Sources */,
				DB8D2B7A23449F21009F32A2 /* FiveDayResponse.swift in Sources */,
				DB8D2B7C2344A094009F32A2 /* UVindexParams.swift in Sources */,
				DBDE05652344937C00B461C1 /* CurrentService.swift in Sources */,
				DBDE05A12344946600B461C1 /* RequestParameterObject.swift in Sources */,
				DBDE056D2344937C00B461C1 /* Route.swift in Sources */,
				DB8D2B7423449EDE009F32A2 /* FiveDayParams.swift in Sources */,
				DBDE05672344937C00B461C1 /* AlamofireAppManager.swift in Sources */,
				DBDE05AC2344946600B461C1 /* SysModel.swift in Sources */,
				DBDE05A22344946600B461C1 /* CoreObject.swift in Sources */,
				DBDE05A72344946600B461C1 /* WindModel.swift in Sources */,
				DBDE05A92344946600B461C1 /* WeatherModel.swift in Sources */,
				DB8D2B882344A58C009F32A2 /* AirPolutionService.swift in Sources */,
				DBDE056E2344937C00B461C1 /* WindModel.swift in Sources */,
				DB8D2B862344A582009F32A2 /* AirPolutionRouter.swift in Sources */,
				DBDE05AA2344946600B461C1 /* CloudModel.swift in Sources */,
				DBDE056C2344937C00B461C1 /* ServerResponseObject.swift in Sources */,
				DB8D2B8A2344A5A5009F32A2 /* AirPolutionResponse.swift in Sources */,
				DBDE05AB2344946600B461C1 /* MainTempModel.swift in Sources */,
				DBDE05602344937C00B461C1 /* AppDelegate.swift in Sources */,
				DBDE05A02344946600B461C1 /* AlamofireAppManager.swift in Sources */,
				DB8D2B7823449F13009F32A2 /* FiveDayRouter.swift in Sources */,
				DB6D5D8C23458FCA009E4DC3 /* APIkey.swift in Sources */,
				DB8D2B7223449DFE009F32A2 /* CurrentWeatherResponse.swift in Sources */,
				DBDE056A2344937C00B461C1 /* RouterUrlConvertible.swift in Sources */,
				DBDE059E2344946600B461C1 /* CurrentService.swift in Sources */,
				DBDE05642344937C00B461C1 /* CurrentRouter.swift in Sources */,
				DBDE059F2344946600B461C1 /* ServiceRequest.swift in Sources */,
				DBDE05A42344946600B461C1 /* Router.swift in Sources */,
				DBDE05732344937C00B461C1 /* SysModel.swift in Sources */,
				DBDE056F2344937C00B461C1 /* CoordModel.swift in Sources */,
				DB8D2B7623449F07009F32A2 /* FiveDayService.swift in Sources */,
				DBDE05A52344946600B461C1 /* ServerResponseObject.swift in Sources */,
				DBDE055E2344937C00B461C1 /* Constant.swift in Sources */,
				DBDE05702344937C00B461C1 /* WeatherModel.swift in Sources */,
				DBDE05662344937C00B461C1 /* ServiceRequest.swift in Sources */,
				DB8D2B822344A4BB009F32A2 /* UVindexService.swift in Sources */,
				DBDE05A82344946600B461C1 /* CoordModel.swift in Sources */,
				DBDE05A32344946600B461C1 /* RouterUrlConvertible.swift in Sources */,
				DB8D2B802344A475009F32A2 /* UVindexResponse.swift in Sources */,
				DBDE05712344937C00B461C1 /* CloudModel.swift in Sources */,
			);
			runOnlyForDeploymentPostprocessing = 0;
		};
/* End PBXSourcesBuildPhase section */

/* Begin PBXVariantGroup section */
		DBDE053B2344937C00B461C1 /* LaunchScreen.storyboard */ = {
			isa = PBXVariantGroup;
			children = (
				DBDE053C2344937C00B461C1 /* Base */,
			);
			name = LaunchScreen.storyboard;
			sourceTree = "<group>";
		};
		DBDE05422344937C00B461C1 /* Main.storyboard */ = {
			isa = PBXVariantGroup;
			children = (
				DBDE05432344937C00B461C1 /* Base */,
			);
			name = Main.storyboard;
			sourceTree = "<group>";
		};
		DBDE057D2344946600B461C1 /* Main.storyboard */ = {
			isa = PBXVariantGroup;
			children = (
				DBDE057E2344946600B461C1 /* Base */,
			);
			name = Main.storyboard;
			sourceTree = "<group>";
		};
/* End PBXVariantGroup section */

/* Begin XCBuildConfiguration section */
		DB3197482341D73200FB0F68 /* Debug */ = {
			isa = XCBuildConfiguration;
			buildSettings = {
				ALWAYS_SEARCH_USER_PATHS = NO;
				CLANG_ANALYZER_NONNULL = YES;
				CLANG_ANALYZER_NUMBER_OBJECT_CONVERSION = YES_AGGRESSIVE;
				CLANG_CXX_LANGUAGE_STANDARD = "gnu++14";
				CLANG_CXX_LIBRARY = "libc++";
				CLANG_ENABLE_MODULES = YES;
				CLANG_ENABLE_OBJC_ARC = YES;
				CLANG_ENABLE_OBJC_WEAK = YES;
				CLANG_WARN_BLOCK_CAPTURE_AUTORELEASING = YES;
				CLANG_WARN_BOOL_CONVERSION = YES;
				CLANG_WARN_COMMA = YES;
				CLANG_WARN_CONSTANT_CONVERSION = YES;
				CLANG_WARN_DEPRECATED_OBJC_IMPLEMENTATIONS = YES;
				CLANG_WARN_DIRECT_OBJC_ISA_USAGE = YES_ERROR;
				CLANG_WARN_DOCUMENTATION_COMMENTS = YES;
				CLANG_WARN_EMPTY_BODY = YES;
				CLANG_WARN_ENUM_CONVERSION = YES;
				CLANG_WARN_INFINITE_RECURSION = YES;
				CLANG_WARN_INT_CONVERSION = YES;
				CLANG_WARN_NON_LITERAL_NULL_CONVERSION = YES;
				CLANG_WARN_OBJC_IMPLICIT_RETAIN_SELF = YES;
				CLANG_WARN_OBJC_LITERAL_CONVERSION = YES;
				CLANG_WARN_OBJC_ROOT_CLASS = YES_ERROR;
				CLANG_WARN_RANGE_LOOP_ANALYSIS = YES;
				CLANG_WARN_STRICT_PROTOTYPES = YES;
				CLANG_WARN_SUSPICIOUS_MOVE = YES;
				CLANG_WARN_UNGUARDED_AVAILABILITY = YES_AGGRESSIVE;
				CLANG_WARN_UNREACHABLE_CODE = YES;
				CLANG_WARN__DUPLICATE_METHOD_MATCH = YES;
				CODE_SIGN_IDENTITY = "iPhone Developer";
				COPY_PHASE_STRIP = NO;
				DEBUG_INFORMATION_FORMAT = dwarf;
				ENABLE_STRICT_OBJC_MSGSEND = YES;
				ENABLE_TESTABILITY = YES;
				GCC_C_LANGUAGE_STANDARD = gnu11;
				GCC_DYNAMIC_NO_PIC = NO;
				GCC_NO_COMMON_BLOCKS = YES;
				GCC_OPTIMIZATION_LEVEL = 0;
				GCC_PREPROCESSOR_DEFINITIONS = (
					"DEBUG=1",
					"$(inherited)",
				);
				GCC_WARN_64_TO_32_BIT_CONVERSION = YES;
				GCC_WARN_ABOUT_RETURN_TYPE = YES_ERROR;
				GCC_WARN_UNDECLARED_SELECTOR = YES;
				GCC_WARN_UNINITIALIZED_AUTOS = YES_AGGRESSIVE;
				GCC_WARN_UNUSED_FUNCTION = YES;
				GCC_WARN_UNUSED_VARIABLE = YES;
				IPHONEOS_DEPLOYMENT_TARGET = 12.4;
				MTL_ENABLE_DEBUG_INFO = INCLUDE_SOURCE;
				MTL_FAST_MATH = YES;
				ONLY_ACTIVE_ARCH = YES;
				SDKROOT = iphoneos;
				SWIFT_ACTIVE_COMPILATION_CONDITIONS = DEBUG;
				SWIFT_OPTIMIZATION_LEVEL = "-Onone";
			};
			name = Debug;
		};
		DB3197492341D73200FB0F68 /* Release */ = {
			isa = XCBuildConfiguration;
			buildSettings = {
				ALWAYS_SEARCH_USER_PATHS = NO;
				CLANG_ANALYZER_NONNULL = YES;
				CLANG_ANALYZER_NUMBER_OBJECT_CONVERSION = YES_AGGRESSIVE;
				CLANG_CXX_LANGUAGE_STANDARD = "gnu++14";
				CLANG_CXX_LIBRARY = "libc++";
				CLANG_ENABLE_MODULES = YES;
				CLANG_ENABLE_OBJC_ARC = YES;
				CLANG_ENABLE_OBJC_WEAK = YES;
				CLANG_WARN_BLOCK_CAPTURE_AUTORELEASING = YES;
				CLANG_WARN_BOOL_CONVERSION = YES;
				CLANG_WARN_COMMA = YES;
				CLANG_WARN_CONSTANT_CONVERSION = YES;
				CLANG_WARN_DEPRECATED_OBJC_IMPLEMENTATIONS = YES;
				CLANG_WARN_DIRECT_OBJC_ISA_USAGE = YES_ERROR;
				CLANG_WARN_DOCUMENTATION_COMMENTS = YES;
				CLANG_WARN_EMPTY_BODY = YES;
				CLANG_WARN_ENUM_CONVERSION = YES;
				CLANG_WARN_INFINITE_RECURSION = YES;
				CLANG_WARN_INT_CONVERSION = YES;
				CLANG_WARN_NON_LITERAL_NULL_CONVERSION = YES;
				CLANG_WARN_OBJC_IMPLICIT_RETAIN_SELF = YES;
				CLANG_WARN_OBJC_LITERAL_CONVERSION = YES;
				CLANG_WARN_OBJC_ROOT_CLASS = YES_ERROR;
				CLANG_WARN_RANGE_LOOP_ANALYSIS = YES;
				CLANG_WARN_STRICT_PROTOTYPES = YES;
				CLANG_WARN_SUSPICIOUS_MOVE = YES;
				CLANG_WARN_UNGUARDED_AVAILABILITY = YES_AGGRESSIVE;
				CLANG_WARN_UNREACHABLE_CODE = YES;
				CLANG_WARN__DUPLICATE_METHOD_MATCH = YES;
				CODE_SIGN_IDENTITY = "iPhone Developer";
				COPY_PHASE_STRIP = NO;
				DEBUG_INFORMATION_FORMAT = "dwarf-with-dsym";
				ENABLE_NS_ASSERTIONS = NO;
				ENABLE_STRICT_OBJC_MSGSEND = YES;
				GCC_C_LANGUAGE_STANDARD = gnu11;
				GCC_NO_COMMON_BLOCKS = YES;
				GCC_WARN_64_TO_32_BIT_CONVERSION = YES;
				GCC_WARN_ABOUT_RETURN_TYPE = YES_ERROR;
				GCC_WARN_UNDECLARED_SELECTOR = YES;
				GCC_WARN_UNINITIALIZED_AUTOS = YES_AGGRESSIVE;
				GCC_WARN_UNUSED_FUNCTION = YES;
				GCC_WARN_UNUSED_VARIABLE = YES;
				IPHONEOS_DEPLOYMENT_TARGET = 12.4;
				MTL_ENABLE_DEBUG_INFO = NO;
				MTL_FAST_MATH = YES;
				SDKROOT = iphoneos;
				SWIFT_COMPILATION_MODE = wholemodule;
				SWIFT_OPTIMIZATION_LEVEL = "-O";
				VALIDATE_PRODUCT = YES;
			};
			name = Release;
		};
		DB31974B2341D73200FB0F68 /* Debug */ = {
			isa = XCBuildConfiguration;
			baseConfigurationReference = 368E8F8B6AD71F7D48BD2645 /* Pods-WeatherForcast.debug.xcconfig */;
			buildSettings = {
				ASSETCATALOG_COMPILER_APPICON_NAME = AppIcon;
				CODE_SIGN_STYLE = Automatic;
				INFOPLIST_FILE = "$(SRCROOT)/WeatherForcast/Application/Info.plist";
				LD_RUNPATH_SEARCH_PATHS = (
					"$(inherited)",
					"@executable_path/Frameworks",
				);
				PRODUCT_BUNDLE_IDENTIFIER = Sun.WeatherForcast;
				PRODUCT_NAME = "$(TARGET_NAME)";
				SWIFT_VERSION = 5.0;
				TARGETED_DEVICE_FAMILY = "1,2";
			};
			name = Debug;
		};
		DB31974C2341D73200FB0F68 /* Release */ = {
			isa = XCBuildConfiguration;
			baseConfigurationReference = 37D052D7096C8201C5975962 /* Pods-WeatherForcast.release.xcconfig */;
			buildSettings = {
				ASSETCATALOG_COMPILER_APPICON_NAME = AppIcon;
				CODE_SIGN_STYLE = Automatic;
				INFOPLIST_FILE = "$(SRCROOT)/WeatherForcast/Application/Info.plist";
				LD_RUNPATH_SEARCH_PATHS = (
					"$(inherited)",
					"@executable_path/Frameworks",
				);
				PRODUCT_BUNDLE_IDENTIFIER = Sun.WeatherForcast;
				PRODUCT_NAME = "$(TARGET_NAME)";
				SWIFT_VERSION = 5.0;
				TARGETED_DEVICE_FAMILY = "1,2";
			};
			name = Release;
		};
/* End XCBuildConfiguration section */

/* Begin XCConfigurationList section */
		DB3197332341D73000FB0F68 /* Build configuration list for PBXProject "WeatherForcast" */ = {
			isa = XCConfigurationList;
			buildConfigurations = (
				DB3197482341D73200FB0F68 /* Debug */,
				DB3197492341D73200FB0F68 /* Release */,
			);
			defaultConfigurationIsVisible = 0;
			defaultConfigurationName = Release;
		};
		DB31974A2341D73200FB0F68 /* Build configuration list for PBXNativeTarget "WeatherForcast" */ = {
			isa = XCConfigurationList;
			buildConfigurations = (
				DB31974B2341D73200FB0F68 /* Debug */,
				DB31974C2341D73200FB0F68 /* Release */,
			);
			defaultConfigurationIsVisible = 0;
			defaultConfigurationName = Release;
		};
/* End XCConfigurationList section */
	};
	rootObject = DB3197302341D73000FB0F68 /* Project object */;
}
